// !$*UTF8*$!
{
	archiveVersion = 1;
	classes = {
	};
	objectVersion = 56;
	objects = {

/* Begin PBXBuildFile section */
		A501B3782B81447C00059F95 /* Localizable.strings in Resources */ = {isa = PBXBuildFile; fileRef = A501B37A2B81447C00059F95 /* Localizable.strings */; };
		A50478112B76622C00E0CB02 /* SkeletonView in Frameworks */ = {isa = PBXBuildFile; productRef = A50478102B76622C00E0CB02 /* SkeletonView */; };
		A504781F2B76913E00E0CB02 /* Notifications.swift in Sources */ = {isa = PBXBuildFile; fileRef = A504781E2B76913E00E0CB02 /* Notifications.swift */; };
		A507A7BF2B75574300B184FF /* ReptiliesHeaderTableViewCell.swift in Sources */ = {isa = PBXBuildFile; fileRef = A507A7BE2B75574300B184FF /* ReptiliesHeaderTableViewCell.swift */; };
		A50BDC0F2BDA8F360042DD73 /* MarkGEO-Regular.ttf in Resources */ = {isa = PBXBuildFile; fileRef = A58375282B6F97B80096C4C2 /* MarkGEO-Regular.ttf */; };
		A50BDC102BDA8F360042DD73 /* MarkGEO-Bold.ttf in Resources */ = {isa = PBXBuildFile; fileRef = A583752A2B6F97B80096C4C2 /* MarkGEO-Bold.ttf */; };
		A50BDC112BDA8F360042DD73 /* MarkGEO-Semibold.ttf in Resources */ = {isa = PBXBuildFile; fileRef = A58375292B6F97B80096C4C2 /* MarkGEO-Semibold.ttf */; };
		A50E4F1C2B7241DA00935EB2 /* Loaf in Frameworks */ = {isa = PBXBuildFile; productRef = A50E4F1B2B7241DA00935EB2 /* Loaf */; };
		A50E4F202B7243BA00935EB2 /* LoafPresentationStyles.swift in Sources */ = {isa = PBXBuildFile; fileRef = A50E4F1F2B7243BA00935EB2 /* LoafPresentationStyles.swift */; };
		A50E4F232B725A9300935EB2 /* Colors.swift in Sources */ = {isa = PBXBuildFile; fileRef = A50E4F222B725A9300935EB2 /* Colors.swift */; };
		A50F83092B7E75F000FBF5FD /* OpenChat.swift in Sources */ = {isa = PBXBuildFile; fileRef = A50F83082B7E75F000FBF5FD /* OpenChat.swift */; };
		A50F83112B7E78EC00FBF5FD /* FAQViewController.swift in Sources */ = {isa = PBXBuildFile; fileRef = A50F83102B7E78EC00FBF5FD /* FAQViewController.swift */; };
		A50F83142B7E790400FBF5FD /* FAQViewController.storyboard in Resources */ = {isa = PBXBuildFile; fileRef = A50F83132B7E790400FBF5FD /* FAQViewController.storyboard */; };
		A50F83182B7E7CBC00FBF5FD /* FAQHeaderTableViewCell.swift in Sources */ = {isa = PBXBuildFile; fileRef = A50F83172B7E7CBC00FBF5FD /* FAQHeaderTableViewCell.swift */; };
		A50F831A2B7E7DD300FBF5FD /* FAQDescrtiptionTableViewCell.swift in Sources */ = {isa = PBXBuildFile; fileRef = A50F83192B7E7DD300FBF5FD /* FAQDescrtiptionTableViewCell.swift */; };
		A50F831C2B7E800300FBF5FD /* FAQModel.swift in Sources */ = {isa = PBXBuildFile; fileRef = A50F831B2B7E800300FBF5FD /* FAQModel.swift */; };
		A50F831F2B7E812D00FBF5FD /* FAQVCDataSource.swift in Sources */ = {isa = PBXBuildFile; fileRef = A50F831E2B7E812D00FBF5FD /* FAQVCDataSource.swift */; };
		A50F83222B7E915700FBF5FD /* ContactViewController.swift in Sources */ = {isa = PBXBuildFile; fileRef = A50F83212B7E915700FBF5FD /* ContactViewController.swift */; };
		A50F83242B7E915F00FBF5FD /* ContactViewController.storyboard in Resources */ = {isa = PBXBuildFile; fileRef = A50F83232B7E915F00FBF5FD /* ContactViewController.storyboard */; };
		A50FB00B2B7A9A86000F013C /* GalleryCollectionViewCell.swift in Sources */ = {isa = PBXBuildFile; fileRef = A50FB0092B7A9A86000F013C /* GalleryCollectionViewCell.swift */; };
		A50FB00C2B7A9A86000F013C /* GalleryCollectionViewCell.xib in Resources */ = {isa = PBXBuildFile; fileRef = A50FB00A2B7A9A86000F013C /* GalleryCollectionViewCell.xib */; };
		A50FB00F2B7A9C6E000F013C /* DetailVCDataSource.swift in Sources */ = {isa = PBXBuildFile; fileRef = A50FB00E2B7A9C6E000F013C /* DetailVCDataSource.swift */; };
		A5124E192B6E67AF00956A37 /* ReptiliesTableViewCell.swift in Sources */ = {isa = PBXBuildFile; fileRef = A5124E182B6E67AF00956A37 /* ReptiliesTableViewCell.swift */; };
		A51EA2812B6E9C00000FEF0A /* MainVCDataSource.swift in Sources */ = {isa = PBXBuildFile; fileRef = A51EA2802B6E9C00000FEF0A /* MainVCDataSource.swift */; };
		A51EA2852B6E9F5F000FEF0A /* Int+Extensions.swift in Sources */ = {isa = PBXBuildFile; fileRef = A51EA2842B6E9F5F000FEF0A /* Int+Extensions.swift */; };
		A51EA28C2B6EA0BF000FEF0A /* CategoriesCollectionViewCell.swift in Sources */ = {isa = PBXBuildFile; fileRef = A51EA28A2B6EA0BF000FEF0A /* CategoriesCollectionViewCell.swift */; };
		A51EA28D2B6EA0BF000FEF0A /* CategoriesCollectionViewCell.xib in Resources */ = {isa = PBXBuildFile; fileRef = A51EA28B2B6EA0BF000FEF0A /* CategoriesCollectionViewCell.xib */; };
		A51EA2902B6EA0D5000FEF0A /* NearbyCollectionViewCell.swift in Sources */ = {isa = PBXBuildFile; fileRef = A51EA28E2B6EA0D5000FEF0A /* NearbyCollectionViewCell.swift */; };
		A51EA2912B6EA0D5000FEF0A /* NearbyCollectionViewCell.xib in Resources */ = {isa = PBXBuildFile; fileRef = A51EA28F2B6EA0D5000FEF0A /* NearbyCollectionViewCell.xib */; };
		A51EA2932B6EA136000FEF0A /* ReptiliesTableViewCell.xib in Resources */ = {isa = PBXBuildFile; fileRef = A51EA2922B6EA136000FEF0A /* ReptiliesTableViewCell.xib */; };
		A51EA2952B6EA2A8000FEF0A /* NSObject+Extensions.swift in Sources */ = {isa = PBXBuildFile; fileRef = A51EA2942B6EA2A8000FEF0A /* NSObject+Extensions.swift */; };
		A529F7382B6F770C00078534 /* UIView+Extensions.swift in Sources */ = {isa = PBXBuildFile; fileRef = A529F7372B6F770C00078534 /* UIView+Extensions.swift */; };
		A529F73A2B6F862F00078534 /* UIFont+Extensions.swift in Sources */ = {isa = PBXBuildFile; fileRef = A529F7392B6F862F00078534 /* UIFont+Extensions.swift */; };
		A552A00A2B8615AD00B1F89E /* AppDelegate.swift in Sources */ = {isa = PBXBuildFile; fileRef = A552A0092B8615AD00B1F89E /* AppDelegate.swift */; };
		A55CCD202B6FC63200E68F41 /* ReptiliesModel.swift in Sources */ = {isa = PBXBuildFile; fileRef = A55CCD1F2B6FC63200E68F41 /* ReptiliesModel.swift */; };
		A55CCD222B6FC7F200E68F41 /* HandleResponseMethods.swift in Sources */ = {isa = PBXBuildFile; fileRef = A55CCD212B6FC7F200E68F41 /* HandleResponseMethods.swift */; };
		A563BE952B876FBA00887E82 /* GoogleMobileAds in Frameworks */ = {isa = PBXBuildFile; productRef = A563BE942B876FBA00887E82 /* GoogleMobileAds */; };
		A57C059A2B7B9BAC0039F7AE /* LocationDelegate.swift in Sources */ = {isa = PBXBuildFile; fileRef = A57C05992B7B9BAC0039F7AE /* LocationDelegate.swift */; };
		A57C059D2B7B9C480039F7AE /* ChooseLocationVCLayout.swift in Sources */ = {isa = PBXBuildFile; fileRef = A57C059C2B7B9C480039F7AE /* ChooseLocationVCLayout.swift */; };
		A57C059F2B7BA8C50039F7AE /* CoverageModel.swift in Sources */ = {isa = PBXBuildFile; fileRef = A57C059E2B7BA8C50039F7AE /* CoverageModel.swift */; };
		A57C05A22B7BBFC00039F7AE /* MKPolygon+Extensions.swift in Sources */ = {isa = PBXBuildFile; fileRef = A57C05A12B7BBFC00039F7AE /* MKPolygon+Extensions.swift */; };
		A57C05A42B7BC5C00039F7AE /* Constants.swift in Sources */ = {isa = PBXBuildFile; fileRef = A57C05A32B7BC5C00039F7AE /* Constants.swift */; };
		A57C05A72B7BCCE80039F7AE /* CoverageMapViewController.swift in Sources */ = {isa = PBXBuildFile; fileRef = A57C05A62B7BCCE80039F7AE /* CoverageMapViewController.swift */; };
		A57C05A92B7BCD030039F7AE /* CoverageMapViewController.storyboard in Resources */ = {isa = PBXBuildFile; fileRef = A57C05A82B7BCD030039F7AE /* CoverageMapViewController.storyboard */; };
		A583752F2B6F9B150096C4C2 /* MainVCLayout.swift in Sources */ = {isa = PBXBuildFile; fileRef = A583752E2B6F9B150096C4C2 /* MainVCLayout.swift */; };
		A58375382B6FA7770096C4C2 /* ApiType.swift in Sources */ = {isa = PBXBuildFile; fileRef = A58375372B6FA7770096C4C2 /* ApiType.swift */; };
		A583753A2B6FA9480096C4C2 /* CategoryModel.swift in Sources */ = {isa = PBXBuildFile; fileRef = A58375392B6FA9480096C4C2 /* CategoryModel.swift */; };
		A584498B2B6E26750036C3D2 /* SceneDelegate.swift in Sources */ = {isa = PBXBuildFile; fileRef = A584498A2B6E26750036C3D2 /* SceneDelegate.swift */; };
		A584498D2B6E26750036C3D2 /* MainViewController.swift in Sources */ = {isa = PBXBuildFile; fileRef = A584498C2B6E26750036C3D2 /* MainViewController.swift */; };
		A58449922B6E26760036C3D2 /* Assets.xcassets in Resources */ = {isa = PBXBuildFile; fileRef = A58449912B6E26760036C3D2 /* Assets.xcassets */; };
		A58449952B6E26760036C3D2 /* LaunchScreen.storyboard in Resources */ = {isa = PBXBuildFile; fileRef = A58449932B6E26760036C3D2 /* LaunchScreen.storyboard */; };
		A584796F2B794BC300BD4577 /* SearchViewController.swift in Sources */ = {isa = PBXBuildFile; fileRef = A584796E2B794BC300BD4577 /* SearchViewController.swift */; };
		A58479712B794BCB00BD4577 /* SearchViewController.storyboard in Resources */ = {isa = PBXBuildFile; fileRef = A58479702B794BCB00BD4577 /* SearchViewController.storyboard */; };
		A58479762B79562000BD4577 /* SearchTableViewCell.swift in Sources */ = {isa = PBXBuildFile; fileRef = A58479752B79562000BD4577 /* SearchTableViewCell.swift */; };
		A58479792B79573D00BD4577 /* SearchVCDataSource.swift in Sources */ = {isa = PBXBuildFile; fileRef = A58479782B79573D00BD4577 /* SearchVCDataSource.swift */; };
		A589CE352BDD2E9300AD771D /* GalleryBrowserDataSource.swift in Sources */ = {isa = PBXBuildFile; fileRef = A589CE342BDD2E9300AD771D /* GalleryBrowserDataSource.swift */; };
		A589CE3D2BDD5E7A00AD771D /* GalleryBrowserViewController.swift in Sources */ = {isa = PBXBuildFile; fileRef = A589CE3C2BDD5E7A00AD771D /* GalleryBrowserViewController.swift */; };
		A589CE3F2BDD5E8200AD771D /* GalleryBrowserViewController.storyboard in Resources */ = {isa = PBXBuildFile; fileRef = A589CE3E2BDD5E8200AD771D /* GalleryBrowserViewController.storyboard */; };
		A59F14792B813301000C2031 /* LocationIsDisabledSheet.swift in Sources */ = {isa = PBXBuildFile; fileRef = A59F14782B813301000C2031 /* LocationIsDisabledSheet.swift */; };
		A59F147B2B81330A000C2031 /* LocationIsDisabledSheet.storyboard in Resources */ = {isa = PBXBuildFile; fileRef = A59F147A2B81330A000C2031 /* LocationIsDisabledSheet.storyboard */; };
		A5A159D12B7762C200F00D7C /* CacheManager.swift in Sources */ = {isa = PBXBuildFile; fileRef = A5A159D02B7762C200F00D7C /* CacheManager.swift */; };
		A5A159D42B776E6E00F00D7C /* Reachability in Frameworks */ = {isa = PBXBuildFile; productRef = A5A159D32B776E6E00F00D7C /* Reachability */; };
		A5A159D72B778C5800F00D7C /* DataManager.swift in Sources */ = {isa = PBXBuildFile; fileRef = A5A159D62B778C5800F00D7C /* DataManager.swift */; };
		A5A159D92B778D7900F00D7C /* ApiManager.swift in Sources */ = {isa = PBXBuildFile; fileRef = A5A159D82B778D7900F00D7C /* ApiManager.swift */; };
		A5A159DD2B779BCA00F00D7C /* LoadingViewController.swift in Sources */ = {isa = PBXBuildFile; fileRef = A5A159DB2B779BCA00F00D7C /* LoadingViewController.swift */; };
		A5A159E02B779C0000F00D7C /* LoadingViewController.storyboard in Resources */ = {isa = PBXBuildFile; fileRef = A5A159DF2B779C0000F00D7C /* LoadingViewController.storyboard */; };
		A5A159E32B77D10F00F00D7C /* PresenterManager.swift in Sources */ = {isa = PBXBuildFile; fileRef = A5A159E22B77D10F00F00D7C /* PresenterManager.swift */; };
		A5A226322BDBEF33000BE630 /* PhotoBrowserCollectionViewCell.swift in Sources */ = {isa = PBXBuildFile; fileRef = A5A226302BDBEF33000BE630 /* PhotoBrowserCollectionViewCell.swift */; };
		A5A226332BDBEF33000BE630 /* PhotoBrowserCollectionViewCell.xib in Resources */ = {isa = PBXBuildFile; fileRef = A5A226312BDBEF33000BE630 /* PhotoBrowserCollectionViewCell.xib */; };
		A5A6D9842B8F36860042216C /* InfoPlist.strings in Resources */ = {isa = PBXBuildFile; fileRef = A5A6D9862B8F36860042216C /* InfoPlist.strings */; };
		A5AA881B2B7E162D00B505D6 /* TeamViewController.swift in Sources */ = {isa = PBXBuildFile; fileRef = A5AA881A2B7E162D00B505D6 /* TeamViewController.swift */; };
		A5AA881D2B7E163900B505D6 /* TeamViewController.storyboard in Resources */ = {isa = PBXBuildFile; fileRef = A5AA881C2B7E163900B505D6 /* TeamViewController.storyboard */; };
		A5AA88252B7E1DF600B505D6 /* TeamTableViewCell.swift in Sources */ = {isa = PBXBuildFile; fileRef = A5AA88242B7E1DF600B505D6 /* TeamTableViewCell.swift */; };
		A5AA882A2B7E1FF800B505D6 /* SocialsCollectionViewCell.swift in Sources */ = {isa = PBXBuildFile; fileRef = A5AA88282B7E1FF800B505D6 /* SocialsCollectionViewCell.swift */; };
		A5AA882B2B7E1FF800B505D6 /* SocialsCollectionViewCell.xib in Resources */ = {isa = PBXBuildFile; fileRef = A5AA88292B7E1FF800B505D6 /* SocialsCollectionViewCell.xib */; };
		A5AA882D2B7E21CB00B505D6 /* TeamModel.swift in Sources */ = {isa = PBXBuildFile; fileRef = A5AA882C2B7E21CB00B505D6 /* TeamModel.swift */; };
		A5AA88302B7E249900B505D6 /* TeamVCDataSource.swift in Sources */ = {isa = PBXBuildFile; fileRef = A5AA882F2B7E249900B505D6 /* TeamVCDataSource.swift */; };
		A5AA88322B7E47C000B505D6 /* TeamSocialsTableViewCell.swift in Sources */ = {isa = PBXBuildFile; fileRef = A5AA88312B7E47C000B505D6 /* TeamSocialsTableViewCell.swift */; };
		A5B0C5C22B7A074F007AA73D /* ChooseLocationViewController.swift in Sources */ = {isa = PBXBuildFile; fileRef = A5B0C5C12B7A074F007AA73D /* ChooseLocationViewController.swift */; };
		A5B0C5C42B7A0759007AA73D /* ChooseLocationViewController.storyboard in Resources */ = {isa = PBXBuildFile; fileRef = A5B0C5C32B7A0759007AA73D /* ChooseLocationViewController.storyboard */; };
		A5B0C5C92B7A1C51007AA73D /* SearchResponseModel.swift in Sources */ = {isa = PBXBuildFile; fileRef = A5B0C5C82B7A1C51007AA73D /* SearchResponseModel.swift */; };
		A5B231EC2B8788BD006F7718 /* AdMob.swift in Sources */ = {isa = PBXBuildFile; fileRef = A5B231EB2B8788BD006F7718 /* AdMob.swift */; };
		A5B231EE2B878BA8006F7718 /* Release.xcconfig in Resources */ = {isa = PBXBuildFile; fileRef = A5B231ED2B878BA8006F7718 /* Release.xcconfig */; };
		A5B8A7282B700D3B0062BF28 /* NearbyReptileModel.swift in Sources */ = {isa = PBXBuildFile; fileRef = A5B8A7272B700D3B0062BF28 /* NearbyReptileModel.swift */; };
		A5D47C0D2B7A371B005ADFBC /* SearchVCLayout.swift in Sources */ = {isa = PBXBuildFile; fileRef = A5D47C0C2B7A371B005ADFBC /* SearchVCLayout.swift */; };
		A5D47C152B7A4EBD005ADFBC /* DetailViewController.swift in Sources */ = {isa = PBXBuildFile; fileRef = A5D47C142B7A4EBD005ADFBC /* DetailViewController.swift */; };
		A5D47C172B7A4EFC005ADFBC /* DetailViewController.storyboard in Resources */ = {isa = PBXBuildFile; fileRef = A5D47C162B7A4EFC005ADFBC /* DetailViewController.storyboard */; };
		A5D47C1B2B7A6F02005ADFBC /* DetailedInfoResponseModel.swift in Sources */ = {isa = PBXBuildFile; fileRef = A5D47C1A2B7A6F02005ADFBC /* DetailedInfoResponseModel.swift */; };
		A5D47C1E2B7A7AE8005ADFBC /* DetailVCLayout.swift in Sources */ = {isa = PBXBuildFile; fileRef = A5D47C1D2B7A7AE8005ADFBC /* DetailVCLayout.swift */; };
		A5DA09FE2B8501EC0001F46B /* FirebaseAnalytics in Frameworks */ = {isa = PBXBuildFile; productRef = A5DA09FD2B8501EC0001F46B /* FirebaseAnalytics */; };
		A5DA0A0E2B8501EC0001F46B /* FirebaseCrashlytics in Frameworks */ = {isa = PBXBuildFile; productRef = A5DA0A0D2B8501EC0001F46B /* FirebaseCrashlytics */; };
		A5DA0A142B8501EC0001F46B /* FirebaseDynamicLinks in Frameworks */ = {isa = PBXBuildFile; productRef = A5DA0A132B8501EC0001F46B /* FirebaseDynamicLinks */; };
		A5DA0A222B8509470001F46B /* AppAnalytics.swift in Sources */ = {isa = PBXBuildFile; fileRef = A5DA0A212B8509470001F46B /* AppAnalytics.swift */; };
		A5DD165D2B76AA3800424882 /* UserDefaultsManager.swift in Sources */ = {isa = PBXBuildFile; fileRef = A5DD165C2B76AA3800424882 /* UserDefaultsManager.swift */; };
		A5E36D512B8E66A500DA295E /* GoogleService-Info.plist in Resources */ = {isa = PBXBuildFile; fileRef = A5E36D502B8E66A500DA295E /* GoogleService-Info.plist */; };
		A5EC55302B839A2C00EFB4CC /* MainViewController.storyboard in Resources */ = {isa = PBXBuildFile; fileRef = A5EC55312B839A2C00EFB4CC /* MainViewController.storyboard */; };
		A5EC55332B83AAAB00EFB4CC /* String+Extensions.swift in Sources */ = {isa = PBXBuildFile; fileRef = A5EC55322B83AAAB00EFB4CC /* String+Extensions.swift */; };
		A5EC55352B83AC6A00EFB4CC /* UIButton+Extensions.swift in Sources */ = {isa = PBXBuildFile; fileRef = A5EC55342B83AC6A00EFB4CC /* UIButton+Extensions.swift */; };
		A5EC55372B83ACA500EFB4CC /* UILabel+Extensions.swift in Sources */ = {isa = PBXBuildFile; fileRef = A5EC55362B83ACA500EFB4CC /* UILabel+Extensions.swift */; };
		A5EC55392B83ACE400EFB4CC /* UITextField+Extensions.swift in Sources */ = {isa = PBXBuildFile; fileRef = A5EC55382B83ACE400EFB4CC /* UITextField+Extensions.swift */; };
		A5EF14462B7F861000A6AF30 /* SideMenuViewController.storyboard in Resources */ = {isa = PBXBuildFile; fileRef = A5EF14452B7F861000A6AF30 /* SideMenuViewController.storyboard */; };
		A5EF14482B7F876900A6AF30 /* SideMenuViewController.swift in Sources */ = {isa = PBXBuildFile; fileRef = A5EF14472B7F876900A6AF30 /* SideMenuViewController.swift */; };
		A5EF144C2B7F974B00A6AF30 /* TopViewController.swift in Sources */ = {isa = PBXBuildFile; fileRef = A5EF144B2B7F974B00A6AF30 /* TopViewController.swift */; };
		A5EF144E2B7F9CD100A6AF30 /* UIViewController+Extensions.swift in Sources */ = {isa = PBXBuildFile; fileRef = A5EF144D2B7F9CD100A6AF30 /* UIViewController+Extensions.swift */; };
		A5EF14502B7FA5D900A6AF30 /* OpenSideMenu.swift in Sources */ = {isa = PBXBuildFile; fileRef = A5EF144F2B7FA5D900A6AF30 /* OpenSideMenu.swift */; };
		A5F6F9242B7578ED002E5011 /* ReptiliesHeaderTableViewCell.xib in Resources */ = {isa = PBXBuildFile; fileRef = A5F6F9232B7578ED002E5011 /* ReptiliesHeaderTableViewCell.xib */; };
		A5FE31B32B6FAE0100469448 /* Moya in Frameworks */ = {isa = PBXBuildFile; productRef = A5FE31B22B6FAE0100469448 /* Moya */; };
		A5FE31B62B6FB3A800469448 /* Kingfisher in Frameworks */ = {isa = PBXBuildFile; productRef = A5FE31B52B6FB3A800469448 /* Kingfisher */; };
/* End PBXBuildFile section */

/* Begin PBXFileReference section */
		A501B3792B81447C00059F95 /* en */ = {isa = PBXFileReference; lastKnownFileType = text.plist.strings; name = en; path = en.lproj/Localizable.strings; sourceTree = "<group>"; };
		A501B37B2B8144A400059F95 /* ka */ = {isa = PBXFileReference; lastKnownFileType = text.plist.strings; name = ka; path = ka.lproj/Localizable.strings; sourceTree = "<group>"; };
		A504781E2B76913E00E0CB02 /* Notifications.swift */ = {isa = PBXFileReference; lastKnownFileType = sourcecode.swift; path = Notifications.swift; sourceTree = "<group>"; };
		A507A7BE2B75574300B184FF /* ReptiliesHeaderTableViewCell.swift */ = {isa = PBXFileReference; lastKnownFileType = sourcecode.swift; path = ReptiliesHeaderTableViewCell.swift; sourceTree = "<group>"; };
		A50E4F1F2B7243BA00935EB2 /* LoafPresentationStyles.swift */ = {isa = PBXFileReference; lastKnownFileType = sourcecode.swift; path = LoafPresentationStyles.swift; sourceTree = "<group>"; };
		A50E4F222B725A9300935EB2 /* Colors.swift */ = {isa = PBXFileReference; lastKnownFileType = sourcecode.swift; path = Colors.swift; sourceTree = "<group>"; };
		A50F83082B7E75F000FBF5FD /* OpenChat.swift */ = {isa = PBXFileReference; lastKnownFileType = sourcecode.swift; path = OpenChat.swift; sourceTree = "<group>"; };
		A50F83102B7E78EC00FBF5FD /* FAQViewController.swift */ = {isa = PBXFileReference; lastKnownFileType = sourcecode.swift; path = FAQViewController.swift; sourceTree = "<group>"; };
		A50F83132B7E790400FBF5FD /* FAQViewController.storyboard */ = {isa = PBXFileReference; lastKnownFileType = file.storyboard; path = FAQViewController.storyboard; sourceTree = "<group>"; };
		A50F83172B7E7CBC00FBF5FD /* FAQHeaderTableViewCell.swift */ = {isa = PBXFileReference; lastKnownFileType = sourcecode.swift; path = FAQHeaderTableViewCell.swift; sourceTree = "<group>"; };
		A50F83192B7E7DD300FBF5FD /* FAQDescrtiptionTableViewCell.swift */ = {isa = PBXFileReference; lastKnownFileType = sourcecode.swift; path = FAQDescrtiptionTableViewCell.swift; sourceTree = "<group>"; };
		A50F831B2B7E800300FBF5FD /* FAQModel.swift */ = {isa = PBXFileReference; lastKnownFileType = sourcecode.swift; path = FAQModel.swift; sourceTree = "<group>"; };
		A50F831E2B7E812D00FBF5FD /* FAQVCDataSource.swift */ = {isa = PBXFileReference; lastKnownFileType = sourcecode.swift; path = FAQVCDataSource.swift; sourceTree = "<group>"; };
		A50F83212B7E915700FBF5FD /* ContactViewController.swift */ = {isa = PBXFileReference; lastKnownFileType = sourcecode.swift; path = ContactViewController.swift; sourceTree = "<group>"; };
		A50F83232B7E915F00FBF5FD /* ContactViewController.storyboard */ = {isa = PBXFileReference; lastKnownFileType = file.storyboard; path = ContactViewController.storyboard; sourceTree = "<group>"; };
		A50FB0092B7A9A86000F013C /* GalleryCollectionViewCell.swift */ = {isa = PBXFileReference; lastKnownFileType = sourcecode.swift; path = GalleryCollectionViewCell.swift; sourceTree = "<group>"; };
		A50FB00A2B7A9A86000F013C /* GalleryCollectionViewCell.xib */ = {isa = PBXFileReference; lastKnownFileType = file.xib; path = GalleryCollectionViewCell.xib; sourceTree = "<group>"; };
		A50FB00E2B7A9C6E000F013C /* DetailVCDataSource.swift */ = {isa = PBXFileReference; lastKnownFileType = sourcecode.swift; path = DetailVCDataSource.swift; sourceTree = "<group>"; };
		A5124E182B6E67AF00956A37 /* ReptiliesTableViewCell.swift */ = {isa = PBXFileReference; lastKnownFileType = sourcecode.swift; path = ReptiliesTableViewCell.swift; sourceTree = "<group>"; };
		A51EA2802B6E9C00000FEF0A /* MainVCDataSource.swift */ = {isa = PBXFileReference; lastKnownFileType = sourcecode.swift; path = MainVCDataSource.swift; sourceTree = "<group>"; };
		A51EA2842B6E9F5F000FEF0A /* Int+Extensions.swift */ = {isa = PBXFileReference; lastKnownFileType = sourcecode.swift; path = "Int+Extensions.swift"; sourceTree = "<group>"; };
		A51EA28A2B6EA0BF000FEF0A /* CategoriesCollectionViewCell.swift */ = {isa = PBXFileReference; lastKnownFileType = sourcecode.swift; path = CategoriesCollectionViewCell.swift; sourceTree = "<group>"; };
		A51EA28B2B6EA0BF000FEF0A /* CategoriesCollectionViewCell.xib */ = {isa = PBXFileReference; lastKnownFileType = file.xib; path = CategoriesCollectionViewCell.xib; sourceTree = "<group>"; };
		A51EA28E2B6EA0D5000FEF0A /* NearbyCollectionViewCell.swift */ = {isa = PBXFileReference; lastKnownFileType = sourcecode.swift; path = NearbyCollectionViewCell.swift; sourceTree = "<group>"; };
		A51EA28F2B6EA0D5000FEF0A /* NearbyCollectionViewCell.xib */ = {isa = PBXFileReference; lastKnownFileType = file.xib; path = NearbyCollectionViewCell.xib; sourceTree = "<group>"; };
		A51EA2922B6EA136000FEF0A /* ReptiliesTableViewCell.xib */ = {isa = PBXFileReference; lastKnownFileType = file.xib; path = ReptiliesTableViewCell.xib; sourceTree = "<group>"; };
		A51EA2942B6EA2A8000FEF0A /* NSObject+Extensions.swift */ = {isa = PBXFileReference; lastKnownFileType = sourcecode.swift; path = "NSObject+Extensions.swift"; sourceTree = "<group>"; };
		A529F7372B6F770C00078534 /* UIView+Extensions.swift */ = {isa = PBXFileReference; lastKnownFileType = sourcecode.swift; path = "UIView+Extensions.swift"; sourceTree = "<group>"; };
		A529F7392B6F862F00078534 /* UIFont+Extensions.swift */ = {isa = PBXFileReference; lastKnownFileType = sourcecode.swift; path = "UIFont+Extensions.swift"; sourceTree = "<group>"; };
		A552A0092B8615AD00B1F89E /* AppDelegate.swift */ = {isa = PBXFileReference; lastKnownFileType = sourcecode.swift; path = AppDelegate.swift; sourceTree = "<group>"; };
		A55CCD1F2B6FC63200E68F41 /* ReptiliesModel.swift */ = {isa = PBXFileReference; lastKnownFileType = sourcecode.swift; path = ReptiliesModel.swift; sourceTree = "<group>"; };
		A55CCD212B6FC7F200E68F41 /* HandleResponseMethods.swift */ = {isa = PBXFileReference; lastKnownFileType = sourcecode.swift; path = HandleResponseMethods.swift; sourceTree = "<group>"; };
		A56524EB2B8E50D80031136C /* Herpi_iOS.entitlements */ = {isa = PBXFileReference; lastKnownFileType = text.plist.entitlements; path = Herpi_iOS.entitlements; sourceTree = "<group>"; };
		A57C05992B7B9BAC0039F7AE /* LocationDelegate.swift */ = {isa = PBXFileReference; lastKnownFileType = sourcecode.swift; path = LocationDelegate.swift; sourceTree = "<group>"; };
		A57C059C2B7B9C480039F7AE /* ChooseLocationVCLayout.swift */ = {isa = PBXFileReference; lastKnownFileType = sourcecode.swift; path = ChooseLocationVCLayout.swift; sourceTree = "<group>"; };
		A57C059E2B7BA8C50039F7AE /* CoverageModel.swift */ = {isa = PBXFileReference; lastKnownFileType = sourcecode.swift; path = CoverageModel.swift; sourceTree = "<group>"; };
		A57C05A12B7BBFC00039F7AE /* MKPolygon+Extensions.swift */ = {isa = PBXFileReference; lastKnownFileType = sourcecode.swift; path = "MKPolygon+Extensions.swift"; sourceTree = "<group>"; };
		A57C05A32B7BC5C00039F7AE /* Constants.swift */ = {isa = PBXFileReference; lastKnownFileType = sourcecode.swift; path = Constants.swift; sourceTree = "<group>"; };
		A57C05A62B7BCCE80039F7AE /* CoverageMapViewController.swift */ = {isa = PBXFileReference; lastKnownFileType = sourcecode.swift; path = CoverageMapViewController.swift; sourceTree = "<group>"; };
		A57C05A82B7BCD030039F7AE /* CoverageMapViewController.storyboard */ = {isa = PBXFileReference; lastKnownFileType = file.storyboard; path = CoverageMapViewController.storyboard; sourceTree = "<group>"; };
		A58375282B6F97B80096C4C2 /* MarkGEO-Regular.ttf */ = {isa = PBXFileReference; lastKnownFileType = file; path = "MarkGEO-Regular.ttf"; sourceTree = "<group>"; };
		A58375292B6F97B80096C4C2 /* MarkGEO-Semibold.ttf */ = {isa = PBXFileReference; lastKnownFileType = file; path = "MarkGEO-Semibold.ttf"; sourceTree = "<group>"; };
		A583752A2B6F97B80096C4C2 /* MarkGEO-Bold.ttf */ = {isa = PBXFileReference; lastKnownFileType = file; path = "MarkGEO-Bold.ttf"; sourceTree = "<group>"; };
		A583752E2B6F9B150096C4C2 /* MainVCLayout.swift */ = {isa = PBXFileReference; lastKnownFileType = sourcecode.swift; path = MainVCLayout.swift; sourceTree = "<group>"; };
		A58375372B6FA7770096C4C2 /* ApiType.swift */ = {isa = PBXFileReference; lastKnownFileType = sourcecode.swift; path = ApiType.swift; sourceTree = "<group>"; };
		A58375392B6FA9480096C4C2 /* CategoryModel.swift */ = {isa = PBXFileReference; lastKnownFileType = sourcecode.swift; path = CategoryModel.swift; sourceTree = "<group>"; };
		A58449852B6E26750036C3D2 /* Herpi_iOS.app */ = {isa = PBXFileReference; explicitFileType = wrapper.application; includeInIndex = 0; path = Herpi_iOS.app; sourceTree = BUILT_PRODUCTS_DIR; };
		A584498A2B6E26750036C3D2 /* SceneDelegate.swift */ = {isa = PBXFileReference; lastKnownFileType = sourcecode.swift; path = SceneDelegate.swift; sourceTree = "<group>"; };
		A584498C2B6E26750036C3D2 /* MainViewController.swift */ = {isa = PBXFileReference; lastKnownFileType = sourcecode.swift; path = MainViewController.swift; sourceTree = "<group>"; };
		A58449912B6E26760036C3D2 /* Assets.xcassets */ = {isa = PBXFileReference; lastKnownFileType = folder.assetcatalog; path = Assets.xcassets; sourceTree = "<group>"; };
		A58449942B6E26760036C3D2 /* Base */ = {isa = PBXFileReference; lastKnownFileType = file.storyboard; name = Base; path = Base.lproj/LaunchScreen.storyboard; sourceTree = "<group>"; };
		A58449962B6E26760036C3D2 /* Info.plist */ = {isa = PBXFileReference; lastKnownFileType = text.plist.xml; path = Info.plist; sourceTree = "<group>"; };
		A584796E2B794BC300BD4577 /* SearchViewController.swift */ = {isa = PBXFileReference; lastKnownFileType = sourcecode.swift; path = SearchViewController.swift; sourceTree = "<group>"; };
		A58479702B794BCB00BD4577 /* SearchViewController.storyboard */ = {isa = PBXFileReference; lastKnownFileType = file.storyboard; path = SearchViewController.storyboard; sourceTree = "<group>"; };
		A58479752B79562000BD4577 /* SearchTableViewCell.swift */ = {isa = PBXFileReference; lastKnownFileType = sourcecode.swift; path = SearchTableViewCell.swift; sourceTree = "<group>"; };
		A58479782B79573D00BD4577 /* SearchVCDataSource.swift */ = {isa = PBXFileReference; lastKnownFileType = sourcecode.swift; path = SearchVCDataSource.swift; sourceTree = "<group>"; };
		A589CE342BDD2E9300AD771D /* GalleryBrowserDataSource.swift */ = {isa = PBXFileReference; lastKnownFileType = sourcecode.swift; path = GalleryBrowserDataSource.swift; sourceTree = "<group>"; };
		A589CE3C2BDD5E7A00AD771D /* GalleryBrowserViewController.swift */ = {isa = PBXFileReference; lastKnownFileType = sourcecode.swift; path = GalleryBrowserViewController.swift; sourceTree = "<group>"; };
		A589CE3E2BDD5E8200AD771D /* GalleryBrowserViewController.storyboard */ = {isa = PBXFileReference; lastKnownFileType = file.storyboard; path = GalleryBrowserViewController.storyboard; sourceTree = "<group>"; };
		A59F14782B813301000C2031 /* LocationIsDisabledSheet.swift */ = {isa = PBXFileReference; lastKnownFileType = sourcecode.swift; path = LocationIsDisabledSheet.swift; sourceTree = "<group>"; };
		A59F147A2B81330A000C2031 /* LocationIsDisabledSheet.storyboard */ = {isa = PBXFileReference; lastKnownFileType = file.storyboard; path = LocationIsDisabledSheet.storyboard; sourceTree = "<group>"; };
		A5A159D02B7762C200F00D7C /* CacheManager.swift */ = {isa = PBXFileReference; lastKnownFileType = sourcecode.swift; path = CacheManager.swift; sourceTree = "<group>"; };
		A5A159D62B778C5800F00D7C /* DataManager.swift */ = {isa = PBXFileReference; lastKnownFileType = sourcecode.swift; path = DataManager.swift; sourceTree = "<group>"; };
		A5A159D82B778D7900F00D7C /* ApiManager.swift */ = {isa = PBXFileReference; lastKnownFileType = sourcecode.swift; path = ApiManager.swift; sourceTree = "<group>"; };
		A5A159DB2B779BCA00F00D7C /* LoadingViewController.swift */ = {isa = PBXFileReference; lastKnownFileType = sourcecode.swift; path = LoadingViewController.swift; sourceTree = "<group>"; };
		A5A159DF2B779C0000F00D7C /* LoadingViewController.storyboard */ = {isa = PBXFileReference; lastKnownFileType = file.storyboard; path = LoadingViewController.storyboard; sourceTree = "<group>"; };
		A5A159E22B77D10F00F00D7C /* PresenterManager.swift */ = {isa = PBXFileReference; lastKnownFileType = sourcecode.swift; path = PresenterManager.swift; sourceTree = "<group>"; };
		A5A226302BDBEF33000BE630 /* PhotoBrowserCollectionViewCell.swift */ = {isa = PBXFileReference; lastKnownFileType = sourcecode.swift; path = PhotoBrowserCollectionViewCell.swift; sourceTree = "<group>"; };
		A5A226312BDBEF33000BE630 /* PhotoBrowserCollectionViewCell.xib */ = {isa = PBXFileReference; lastKnownFileType = file.xib; path = PhotoBrowserCollectionViewCell.xib; sourceTree = "<group>"; };
		A5A6D9852B8F36860042216C /* ka */ = {isa = PBXFileReference; lastKnownFileType = text.plist.strings; name = ka; path = ka.lproj/InfoPlist.strings; sourceTree = "<group>"; };
		A5A6D9872B8F36880042216C /* en */ = {isa = PBXFileReference; lastKnownFileType = text.plist.strings; name = en; path = en.lproj/InfoPlist.strings; sourceTree = "<group>"; };
		A5AA881A2B7E162D00B505D6 /* TeamViewController.swift */ = {isa = PBXFileReference; lastKnownFileType = sourcecode.swift; path = TeamViewController.swift; sourceTree = "<group>"; };
		A5AA881C2B7E163900B505D6 /* TeamViewController.storyboard */ = {isa = PBXFileReference; lastKnownFileType = file.storyboard; path = TeamViewController.storyboard; sourceTree = "<group>"; };
		A5AA88242B7E1DF600B505D6 /* TeamTableViewCell.swift */ = {isa = PBXFileReference; lastKnownFileType = sourcecode.swift; path = TeamTableViewCell.swift; sourceTree = "<group>"; };
		A5AA88282B7E1FF800B505D6 /* SocialsCollectionViewCell.swift */ = {isa = PBXFileReference; lastKnownFileType = sourcecode.swift; path = SocialsCollectionViewCell.swift; sourceTree = "<group>"; };
		A5AA88292B7E1FF800B505D6 /* SocialsCollectionViewCell.xib */ = {isa = PBXFileReference; lastKnownFileType = file.xib; path = SocialsCollectionViewCell.xib; sourceTree = "<group>"; };
		A5AA882C2B7E21CB00B505D6 /* TeamModel.swift */ = {isa = PBXFileReference; lastKnownFileType = sourcecode.swift; path = TeamModel.swift; sourceTree = "<group>"; };
		A5AA882F2B7E249900B505D6 /* TeamVCDataSource.swift */ = {isa = PBXFileReference; lastKnownFileType = sourcecode.swift; path = TeamVCDataSource.swift; sourceTree = "<group>"; };
		A5AA88312B7E47C000B505D6 /* TeamSocialsTableViewCell.swift */ = {isa = PBXFileReference; lastKnownFileType = sourcecode.swift; path = TeamSocialsTableViewCell.swift; sourceTree = "<group>"; };
		A5B0C5C12B7A074F007AA73D /* ChooseLocationViewController.swift */ = {isa = PBXFileReference; lastKnownFileType = sourcecode.swift; path = ChooseLocationViewController.swift; sourceTree = "<group>"; };
		A5B0C5C32B7A0759007AA73D /* ChooseLocationViewController.storyboard */ = {isa = PBXFileReference; lastKnownFileType = file.storyboard; path = ChooseLocationViewController.storyboard; sourceTree = "<group>"; };
		A5B0C5C82B7A1C51007AA73D /* SearchResponseModel.swift */ = {isa = PBXFileReference; lastKnownFileType = sourcecode.swift; path = SearchResponseModel.swift; sourceTree = "<group>"; };
		A5B231EB2B8788BD006F7718 /* AdMob.swift */ = {isa = PBXFileReference; lastKnownFileType = sourcecode.swift; path = AdMob.swift; sourceTree = "<group>"; };
		A5B231ED2B878BA8006F7718 /* Release.xcconfig */ = {isa = PBXFileReference; lastKnownFileType = text.xcconfig; path = Release.xcconfig; sourceTree = "<group>"; };
		A5B8A7272B700D3B0062BF28 /* NearbyReptileModel.swift */ = {isa = PBXFileReference; lastKnownFileType = sourcecode.swift; path = NearbyReptileModel.swift; sourceTree = "<group>"; };
		A5D47C0C2B7A371B005ADFBC /* SearchVCLayout.swift */ = {isa = PBXFileReference; lastKnownFileType = sourcecode.swift; path = SearchVCLayout.swift; sourceTree = "<group>"; };
		A5D47C142B7A4EBD005ADFBC /* DetailViewController.swift */ = {isa = PBXFileReference; lastKnownFileType = sourcecode.swift; path = DetailViewController.swift; sourceTree = "<group>"; };
		A5D47C162B7A4EFC005ADFBC /* DetailViewController.storyboard */ = {isa = PBXFileReference; lastKnownFileType = file.storyboard; path = DetailViewController.storyboard; sourceTree = "<group>"; };
		A5D47C1A2B7A6F02005ADFBC /* DetailedInfoResponseModel.swift */ = {isa = PBXFileReference; lastKnownFileType = sourcecode.swift; path = DetailedInfoResponseModel.swift; sourceTree = "<group>"; };
		A5D47C1D2B7A7AE8005ADFBC /* DetailVCLayout.swift */ = {isa = PBXFileReference; lastKnownFileType = sourcecode.swift; path = DetailVCLayout.swift; sourceTree = "<group>"; };
		A5DA0A212B8509470001F46B /* AppAnalytics.swift */ = {isa = PBXFileReference; lastKnownFileType = sourcecode.swift; path = AppAnalytics.swift; sourceTree = "<group>"; };
		A5DD165C2B76AA3800424882 /* UserDefaultsManager.swift */ = {isa = PBXFileReference; lastKnownFileType = sourcecode.swift; path = UserDefaultsManager.swift; sourceTree = "<group>"; };
		A5E36D502B8E66A500DA295E /* GoogleService-Info.plist */ = {isa = PBXFileReference; fileEncoding = 4; lastKnownFileType = text.plist.xml; path = "GoogleService-Info.plist"; sourceTree = "<group>"; };
		A5EC55312B839A2C00EFB4CC /* MainViewController.storyboard */ = {isa = PBXFileReference; lastKnownFileType = file.storyboard; path = MainViewController.storyboard; sourceTree = "<group>"; };
		A5EC55322B83AAAB00EFB4CC /* String+Extensions.swift */ = {isa = PBXFileReference; lastKnownFileType = sourcecode.swift; path = "String+Extensions.swift"; sourceTree = "<group>"; };
		A5EC55342B83AC6A00EFB4CC /* UIButton+Extensions.swift */ = {isa = PBXFileReference; lastKnownFileType = sourcecode.swift; path = "UIButton+Extensions.swift"; sourceTree = "<group>"; };
		A5EC55362B83ACA500EFB4CC /* UILabel+Extensions.swift */ = {isa = PBXFileReference; lastKnownFileType = sourcecode.swift; path = "UILabel+Extensions.swift"; sourceTree = "<group>"; };
		A5EC55382B83ACE400EFB4CC /* UITextField+Extensions.swift */ = {isa = PBXFileReference; lastKnownFileType = sourcecode.swift; path = "UITextField+Extensions.swift"; sourceTree = "<group>"; };
		A5EF14452B7F861000A6AF30 /* SideMenuViewController.storyboard */ = {isa = PBXFileReference; lastKnownFileType = file.storyboard; path = SideMenuViewController.storyboard; sourceTree = "<group>"; };
		A5EF14472B7F876900A6AF30 /* SideMenuViewController.swift */ = {isa = PBXFileReference; lastKnownFileType = sourcecode.swift; path = SideMenuViewController.swift; sourceTree = "<group>"; };
		A5EF144B2B7F974B00A6AF30 /* TopViewController.swift */ = {isa = PBXFileReference; lastKnownFileType = sourcecode.swift; path = TopViewController.swift; sourceTree = "<group>"; };
		A5EF144D2B7F9CD100A6AF30 /* UIViewController+Extensions.swift */ = {isa = PBXFileReference; lastKnownFileType = sourcecode.swift; path = "UIViewController+Extensions.swift"; sourceTree = "<group>"; };
		A5EF144F2B7FA5D900A6AF30 /* OpenSideMenu.swift */ = {isa = PBXFileReference; lastKnownFileType = sourcecode.swift; path = OpenSideMenu.swift; sourceTree = "<group>"; };
		A5F6F9232B7578ED002E5011 /* ReptiliesHeaderTableViewCell.xib */ = {isa = PBXFileReference; lastKnownFileType = file.xib; path = ReptiliesHeaderTableViewCell.xib; sourceTree = "<group>"; };
/* End PBXFileReference section */

/* Begin PBXFrameworksBuildPhase section */
		A58449822B6E26740036C3D2 /* Frameworks */ = {
			isa = PBXFrameworksBuildPhase;
			buildActionMask = 2147483647;
			files = (
				A50478112B76622C00E0CB02 /* SkeletonView in Frameworks */,
				A5FE31B62B6FB3A800469448 /* Kingfisher in Frameworks */,
				A5DA09FE2B8501EC0001F46B /* FirebaseAnalytics in Frameworks */,
				A563BE952B876FBA00887E82 /* GoogleMobileAds in Frameworks */,
				A5DA0A0E2B8501EC0001F46B /* FirebaseCrashlytics in Frameworks */,
				A5DA0A142B8501EC0001F46B /* FirebaseDynamicLinks in Frameworks */,
				A5A159D42B776E6E00F00D7C /* Reachability in Frameworks */,
				A5FE31B32B6FAE0100469448 /* Moya in Frameworks */,
				A50E4F1C2B7241DA00935EB2 /* Loaf in Frameworks */,
			);
			runOnlyForDeploymentPostprocessing = 0;
		};
/* End PBXFrameworksBuildPhase section */

/* Begin PBXGroup section */
		A50478192B76857500E0CB02 /* HeaderCell */ = {
			isa = PBXGroup;
			children = (
				A507A7BE2B75574300B184FF /* ReptiliesHeaderTableViewCell.swift */,
				A5F6F9232B7578ED002E5011 /* ReptiliesHeaderTableViewCell.xib */,
			);
			path = HeaderCell;
			sourceTree = "<group>";
		};
		A504781A2B76858500E0CB02 /* ListCell */ = {
			isa = PBXGroup;
			children = (
				A5124E182B6E67AF00956A37 /* ReptiliesTableViewCell.swift */,
				A51EA2922B6EA136000FEF0A /* ReptiliesTableViewCell.xib */,
			);
			path = ListCell;
			sourceTree = "<group>";
		};
		A504781D2B76912900E0CB02 /* Notifications */ = {
			isa = PBXGroup;
			children = (
				A504781E2B76913E00E0CB02 /* Notifications.swift */,
			);
			path = Notifications;
			sourceTree = "<group>";
		};
		A50BDC062BDA8B870042DD73 /* GalleryBrowserView */ = {
			isa = PBXGroup;
			children = (
				A589CE322BDD2E5200AD771D /* Cell */,
				A589CE332BDD2E7600AD771D /* DataSource */,
				A589CE402BDD607800AD771D /* ViewController */,
				A589CE412BDD609300AD771D /* Stroyboard */,
			);
			path = GalleryBrowserView;
			sourceTree = "<group>";
		};
		A50E4F212B725A8700935EB2 /* Constants */ = {
			isa = PBXGroup;
			children = (
				A50E4F222B725A9300935EB2 /* Colors.swift */,
				A57C05A32B7BC5C00039F7AE /* Constants.swift */,
			);
			path = Constants;
			sourceTree = "<group>";
		};
		A50F830D2B7E780A00FBF5FD /* SocialsCollectoin */ = {
			isa = PBXGroup;
			children = (
				A5AA88312B7E47C000B505D6 /* TeamSocialsTableViewCell.swift */,
			);
			path = SocialsCollectoin;
			sourceTree = "<group>";
		};
		A50F830E2B7E782000FBF5FD /* ShortInfo */ = {
			isa = PBXGroup;
			children = (
				A5AA88242B7E1DF600B505D6 /* TeamTableViewCell.swift */,
			);
			path = ShortInfo;
			sourceTree = "<group>";
		};
		A50F830F2B7E78CB00FBF5FD /* FAQ */ = {
			isa = PBXGroup;
			children = (
				A50F83162B7E7CA100FBF5FD /* Cells */,
				A50F831D2B7E811900FBF5FD /* DataSource */,
				A50F83122B7E78F500FBF5FD /* ViewController */,
				A50F83152B7E7C9700FBF5FD /* Storyboard */,
			);
			path = FAQ;
			sourceTree = "<group>";
		};
		A50F83122B7E78F500FBF5FD /* ViewController */ = {
			isa = PBXGroup;
			children = (
				A50F83102B7E78EC00FBF5FD /* FAQViewController.swift */,
			);
			path = ViewController;
			sourceTree = "<group>";
		};
		A50F83152B7E7C9700FBF5FD /* Storyboard */ = {
			isa = PBXGroup;
			children = (
				A50F83132B7E790400FBF5FD /* FAQViewController.storyboard */,
			);
			path = Storyboard;
			sourceTree = "<group>";
		};
		A50F83162B7E7CA100FBF5FD /* Cells */ = {
			isa = PBXGroup;
			children = (
				A50F83172B7E7CBC00FBF5FD /* FAQHeaderTableViewCell.swift */,
				A50F83192B7E7DD300FBF5FD /* FAQDescrtiptionTableViewCell.swift */,
			);
			path = Cells;
			sourceTree = "<group>";
		};
		A50F831D2B7E811900FBF5FD /* DataSource */ = {
			isa = PBXGroup;
			children = (
				A50F831E2B7E812D00FBF5FD /* FAQVCDataSource.swift */,
			);
			path = DataSource;
			sourceTree = "<group>";
		};
		A50F83202B7E913500FBF5FD /* ContactPage */ = {
			isa = PBXGroup;
			children = (
				A50F83212B7E915700FBF5FD /* ContactViewController.swift */,
				A50F83232B7E915F00FBF5FD /* ContactViewController.storyboard */,
			);
			path = ContactPage;
			sourceTree = "<group>";
		};
		A50FB0082B7A9A72000F013C /* Cells */ = {
			isa = PBXGroup;
			children = (
				A50FB0102B7AA089000F013C /* GalleryCell */,
			);
			path = Cells;
			sourceTree = "<group>";
		};
		A50FB00D2B7A9C5C000F013C /* DataSource */ = {
			isa = PBXGroup;
			children = (
				A50FB00E2B7A9C6E000F013C /* DetailVCDataSource.swift */,
			);
			path = DataSource;
			sourceTree = "<group>";
		};
		A50FB0102B7AA089000F013C /* GalleryCell */ = {
			isa = PBXGroup;
			children = (
				A50FB0092B7A9A86000F013C /* GalleryCollectionViewCell.swift */,
				A50FB00A2B7A9A86000F013C /* GalleryCollectionViewCell.xib */,
			);
			path = GalleryCell;
			sourceTree = "<group>";
		};
		A5124E1A2B6E8C2E00956A37 /* Fonts */ = {
			isa = PBXGroup;
			children = (
				A58375282B6F97B80096C4C2 /* MarkGEO-Regular.ttf */,
				A58375292B6F97B80096C4C2 /* MarkGEO-Semibold.ttf */,
				A583752A2B6F97B80096C4C2 /* MarkGEO-Bold.ttf */,
			);
			path = Fonts;
			sourceTree = "<group>";
		};
		A51EA27B2B6E9B2A000FEF0A /* MainPage */ = {
			isa = PBXGroup;
			children = (
				A51EA27E2B6E9B46000FEF0A /* Cells */,
				A58375252B6F916A0096C4C2 /* Layout */,
				A51EA27F2B6E9BBE000FEF0A /* DataSource */,
				A51EA27C2B6E9B37000FEF0A /* ViewController */,
				A51EA27D2B6E9B3E000FEF0A /* Storyboard */,
			);
			path = MainPage;
			sourceTree = "<group>";
		};
		A51EA27C2B6E9B37000FEF0A /* ViewController */ = {
			isa = PBXGroup;
			children = (
				A584498C2B6E26750036C3D2 /* MainViewController.swift */,
			);
			path = ViewController;
			sourceTree = "<group>";
		};
		A51EA27D2B6E9B3E000FEF0A /* Storyboard */ = {
			isa = PBXGroup;
			children = (
				A5EC55312B839A2C00EFB4CC /* MainViewController.storyboard */,
			);
			path = Storyboard;
			sourceTree = "<group>";
		};
		A51EA27E2B6E9B46000FEF0A /* Cells */ = {
			isa = PBXGroup;
			children = (
				A51EA2872B6EA08A000FEF0A /* CollectionView */,
				A51EA2862B6EA081000FEF0A /* TableView */,
			);
			path = Cells;
			sourceTree = "<group>";
		};
		A51EA27F2B6E9BBE000FEF0A /* DataSource */ = {
			isa = PBXGroup;
			children = (
				A51EA2802B6E9C00000FEF0A /* MainVCDataSource.swift */,
			);
			path = DataSource;
			sourceTree = "<group>";
		};
		A51EA2822B6E9F3A000FEF0A /* Extensions */ = {
			isa = PBXGroup;
			children = (
				A51EA2842B6E9F5F000FEF0A /* Int+Extensions.swift */,
				A51EA2942B6EA2A8000FEF0A /* NSObject+Extensions.swift */,
				A529F7372B6F770C00078534 /* UIView+Extensions.swift */,
				A529F7392B6F862F00078534 /* UIFont+Extensions.swift */,
				A57C05A12B7BBFC00039F7AE /* MKPolygon+Extensions.swift */,
				A5EF144D2B7F9CD100A6AF30 /* UIViewController+Extensions.swift */,
				A5EC55322B83AAAB00EFB4CC /* String+Extensions.swift */,
				A5EC55342B83AC6A00EFB4CC /* UIButton+Extensions.swift */,
				A5EC55362B83ACA500EFB4CC /* UILabel+Extensions.swift */,
				A5EC55382B83ACE400EFB4CC /* UITextField+Extensions.swift */,
			);
			path = Extensions;
			sourceTree = "<group>";
		};
		A51EA2862B6EA081000FEF0A /* TableView */ = {
			isa = PBXGroup;
			children = (
				A50478192B76857500E0CB02 /* HeaderCell */,
				A504781A2B76858500E0CB02 /* ListCell */,
			);
			path = TableView;
			sourceTree = "<group>";
		};
		A51EA2872B6EA08A000FEF0A /* CollectionView */ = {
			isa = PBXGroup;
			children = (
				A51EA2892B6EA09A000FEF0A /* Categories */,
				A51EA2882B6EA091000FEF0A /* Nearby */,
			);
			path = CollectionView;
			sourceTree = "<group>";
		};
		A51EA2882B6EA091000FEF0A /* Nearby */ = {
			isa = PBXGroup;
			children = (
				A51EA28E2B6EA0D5000FEF0A /* NearbyCollectionViewCell.swift */,
				A51EA28F2B6EA0D5000FEF0A /* NearbyCollectionViewCell.xib */,
			);
			path = Nearby;
			sourceTree = "<group>";
		};
		A51EA2892B6EA09A000FEF0A /* Categories */ = {
			isa = PBXGroup;
			children = (
				A51EA28A2B6EA0BF000FEF0A /* CategoriesCollectionViewCell.swift */,
				A51EA28B2B6EA0BF000FEF0A /* CategoriesCollectionViewCell.xib */,
			);
			path = Categories;
			sourceTree = "<group>";
		};
		A57C05982B7B9B9E0039F7AE /* Protocols */ = {
			isa = PBXGroup;
			children = (
				A57C05992B7B9BAC0039F7AE /* LocationDelegate.swift */,
			);
			path = Protocols;
			sourceTree = "<group>";
		};
		A57C059B2B7B9C360039F7AE /* Layout */ = {
			isa = PBXGroup;
			children = (
				A57C059C2B7B9C480039F7AE /* ChooseLocationVCLayout.swift */,
			);
			path = Layout;
			sourceTree = "<group>";
		};
		A57C05A52B7BCC950039F7AE /* CoverageMapPage */ = {
			isa = PBXGroup;
			children = (
				A57C05A62B7BCCE80039F7AE /* CoverageMapViewController.swift */,
				A57C05A82B7BCD030039F7AE /* CoverageMapViewController.storyboard */,
			);
			path = CoverageMapPage;
			sourceTree = "<group>";
		};
		A58375252B6F916A0096C4C2 /* Layout */ = {
			isa = PBXGroup;
			children = (
				A583752E2B6F9B150096C4C2 /* MainVCLayout.swift */,
			);
			path = Layout;
			sourceTree = "<group>";
		};
		A58375332B6FA6EA0096C4C2 /* Models */ = {
			isa = PBXGroup;
			children = (
				A58375392B6FA9480096C4C2 /* CategoryModel.swift */,
				A5B8A7272B700D3B0062BF28 /* NearbyReptileModel.swift */,
				A55CCD1F2B6FC63200E68F41 /* ReptiliesModel.swift */,
				A5B0C5C82B7A1C51007AA73D /* SearchResponseModel.swift */,
				A5D47C1A2B7A6F02005ADFBC /* DetailedInfoResponseModel.swift */,
				A57C059E2B7BA8C50039F7AE /* CoverageModel.swift */,
				A5AA882C2B7E21CB00B505D6 /* TeamModel.swift */,
				A50F831B2B7E800300FBF5FD /* FAQModel.swift */,
			);
			path = Models;
			sourceTree = "<group>";
		};
		A58375342B6FA6F10096C4C2 /* Services */ = {
			isa = PBXGroup;
			children = (
				A58375372B6FA7770096C4C2 /* ApiType.swift */,
				A5A159D82B778D7900F00D7C /* ApiManager.swift */,
			);
			path = Services;
			sourceTree = "<group>";
		};
		A584497C2B6E26740036C3D2 = {
			isa = PBXGroup;
			children = (
				A58449872B6E26750036C3D2 /* Herpi_iOS */,
				A58449862B6E26750036C3D2 /* Products */,
			);
			sourceTree = "<group>";
			usesTabs = 0;
		};
		A58449862B6E26750036C3D2 /* Products */ = {
			isa = PBXGroup;
			children = (
				A58449852B6E26750036C3D2 /* Herpi_iOS.app */,
			);
			name = Products;
			sourceTree = "<group>";
		};
		A58449872B6E26750036C3D2 /* Herpi_iOS */ = {
			isa = PBXGroup;
			children = (
				A56524EB2B8E50D80031136C /* Herpi_iOS.entitlements */,
				A58449A02B6E2FD40036C3D2 /* API */,
				A584499E2B6E2FA30036C3D2 /* Groups */,
				A584499F2B6E2FBE0036C3D2 /* Core */,
				A584499C2B6E2F850036C3D2 /* Application */,
				A584499D2B6E2F940036C3D2 /* Resources */,
			);
			path = Herpi_iOS;
			sourceTree = "<group>";
		};
		A584499C2B6E2F850036C3D2 /* Application */ = {
			isa = PBXGroup;
			children = (
				A552A0092B8615AD00B1F89E /* AppDelegate.swift */,
				A584498A2B6E26750036C3D2 /* SceneDelegate.swift */,
			);
			path = Application;
			sourceTree = "<group>";
		};
		A584499D2B6E2F940036C3D2 /* Resources */ = {
			isa = PBXGroup;
			children = (
				A5124E1A2B6E8C2E00956A37 /* Fonts */,
				A501B37A2B81447C00059F95 /* Localizable.strings */,
				A5A6D9862B8F36860042216C /* InfoPlist.strings */,
				A58449912B6E26760036C3D2 /* Assets.xcassets */,
				A58449932B6E26760036C3D2 /* LaunchScreen.storyboard */,
				A5B231ED2B878BA8006F7718 /* Release.xcconfig */,
				A5E36D502B8E66A500DA295E /* GoogleService-Info.plist */,
				A58449962B6E26760036C3D2 /* Info.plist */,
			);
			path = Resources;
			sourceTree = "<group>";
		};
		A584499E2B6E2FA30036C3D2 /* Groups */ = {
			isa = PBXGroup;
			children = (
				A5EF14442B7F85FD00A6AF30 /* Menu */,
				A5A159DA2B779BAE00F00D7C /* LoadingPage */,
				A51EA27B2B6E9B2A000FEF0A /* MainPage */,
				A5B0C5C02B7A06F6007AA73D /* ChooseLocationPage */,
				A59F14772B8132CC000C2031 /* LocationIsDisabledSheet */,
				A584796D2B794BA200BD4577 /* SearchPage */,
				A5D47C132B7A4E7C005ADFBC /* DetailPage */,
				A50BDC062BDA8B870042DD73 /* GalleryBrowserView */,
				A57C05A52B7BCC950039F7AE /* CoverageMapPage */,
				A50F83202B7E913500FBF5FD /* ContactPage */,
				A5AA88192B7E160A00B505D6 /* TeamPage */,
				A50F830F2B7E78CB00FBF5FD /* FAQ */,
			);
			path = Groups;
			sourceTree = "<group>";
		};
		A584499F2B6E2FBE0036C3D2 /* Core */ = {
			isa = PBXGroup;
			children = (
				A5DA0A202B8509360001F46B /* Analytics */,
				A5B8A7252B7007EC0062BF28 /* Common */,
				A5A159CE2B7762A000F00D7C /* Managers */,
				A50E4F212B725A8700935EB2 /* Constants */,
				A504781D2B76912900E0CB02 /* Notifications */,
				A51EA2822B6E9F3A000FEF0A /* Extensions */,
			);
			path = Core;
			sourceTree = "<group>";
		};
		A58449A02B6E2FD40036C3D2 /* API */ = {
			isa = PBXGroup;
			children = (
				A58375342B6FA6F10096C4C2 /* Services */,
				A58375332B6FA6EA0096C4C2 /* Models */,
			);
			path = API;
			sourceTree = "<group>";
		};
		A584796D2B794BA200BD4577 /* SearchPage */ = {
			isa = PBXGroup;
			children = (
				A58479742B79560500BD4577 /* Cells */,
				A5D47C0B2B7A36F7005ADFBC /* Layout */,
				A58479772B79572C00BD4577 /* DataSource */,
				A58479722B7955F700BD4577 /* ViewController */,
				A58479732B7955FE00BD4577 /* Storyboard */,
			);
			path = SearchPage;
			sourceTree = "<group>";
		};
		A58479722B7955F700BD4577 /* ViewController */ = {
			isa = PBXGroup;
			children = (
				A584796E2B794BC300BD4577 /* SearchViewController.swift */,
			);
			path = ViewController;
			sourceTree = "<group>";
		};
		A58479732B7955FE00BD4577 /* Storyboard */ = {
			isa = PBXGroup;
			children = (
				A58479702B794BCB00BD4577 /* SearchViewController.storyboard */,
			);
			path = Storyboard;
			sourceTree = "<group>";
		};
		A58479742B79560500BD4577 /* Cells */ = {
			isa = PBXGroup;
			children = (
				A58479752B79562000BD4577 /* SearchTableViewCell.swift */,
			);
			path = Cells;
			sourceTree = "<group>";
		};
		A58479772B79572C00BD4577 /* DataSource */ = {
			isa = PBXGroup;
			children = (
				A58479782B79573D00BD4577 /* SearchVCDataSource.swift */,
			);
			path = DataSource;
			sourceTree = "<group>";
		};
		A589CE322BDD2E5200AD771D /* Cell */ = {
			isa = PBXGroup;
			children = (
				A5A226302BDBEF33000BE630 /* PhotoBrowserCollectionViewCell.swift */,
				A5A226312BDBEF33000BE630 /* PhotoBrowserCollectionViewCell.xib */,
			);
			path = Cell;
			sourceTree = "<group>";
		};
		A589CE332BDD2E7600AD771D /* DataSource */ = {
			isa = PBXGroup;
			children = (
				A589CE342BDD2E9300AD771D /* GalleryBrowserDataSource.swift */,
			);
			path = DataSource;
			sourceTree = "<group>";
		};
		A589CE402BDD607800AD771D /* ViewController */ = {
			isa = PBXGroup;
			children = (
				A589CE3C2BDD5E7A00AD771D /* GalleryBrowserViewController.swift */,
			);
			path = ViewController;
			sourceTree = "<group>";
		};
		A589CE412BDD609300AD771D /* Stroyboard */ = {
			isa = PBXGroup;
			children = (
				A589CE3E2BDD5E8200AD771D /* GalleryBrowserViewController.storyboard */,
			);
			path = Stroyboard;
			sourceTree = "<group>";
		};
		A59F14772B8132CC000C2031 /* LocationIsDisabledSheet */ = {
			isa = PBXGroup;
			children = (
				A59F14782B813301000C2031 /* LocationIsDisabledSheet.swift */,
				A59F147A2B81330A000C2031 /* LocationIsDisabledSheet.storyboard */,
			);
			path = LocationIsDisabledSheet;
			sourceTree = "<group>";
		};
		A5A159CE2B7762A000F00D7C /* Managers */ = {
			isa = PBXGroup;
			children = (
				A5A159CF2B7762A900F00D7C /* Cache */,
				A5A159E42B77D42A00F00D7C /* Data */,
				A5A159E12B77D0F400F00D7C /* Presenter */,
				A5DD165B2B76AA2300424882 /* UserDefaults */,
			);
			path = Managers;
			sourceTree = "<group>";
		};
		A5A159CF2B7762A900F00D7C /* Cache */ = {
			isa = PBXGroup;
			children = (
				A5A159D02B7762C200F00D7C /* CacheManager.swift */,
			);
			path = Cache;
			sourceTree = "<group>";
		};
		A5A159DA2B779BAE00F00D7C /* LoadingPage */ = {
			isa = PBXGroup;
			children = (
				A5A159E52B77F24700F00D7C /* ViewController */,
				A5A159E62B77F25400F00D7C /* Storyboard */,
			);
			path = LoadingPage;
			sourceTree = "<group>";
		};
		A5A159E12B77D0F400F00D7C /* Presenter */ = {
			isa = PBXGroup;
			children = (
				A5A159E22B77D10F00F00D7C /* PresenterManager.swift */,
			);
			path = Presenter;
			sourceTree = "<group>";
		};
		A5A159E42B77D42A00F00D7C /* Data */ = {
			isa = PBXGroup;
			children = (
				A5A159D62B778C5800F00D7C /* DataManager.swift */,
			);
			path = Data;
			sourceTree = "<group>";
		};
		A5A159E52B77F24700F00D7C /* ViewController */ = {
			isa = PBXGroup;
			children = (
				A5A159DB2B779BCA00F00D7C /* LoadingViewController.swift */,
			);
			path = ViewController;
			sourceTree = "<group>";
		};
		A5A159E62B77F25400F00D7C /* Storyboard */ = {
			isa = PBXGroup;
			children = (
				A5A159DF2B779C0000F00D7C /* LoadingViewController.storyboard */,
			);
			path = Storyboard;
			sourceTree = "<group>";
		};
		A5AA88192B7E160A00B505D6 /* TeamPage */ = {
			isa = PBXGroup;
			children = (
				A5AA88232B7E1DDF00B505D6 /* Cells */,
				A5AA882E2B7E248500B505D6 /* DataSource */,
				A5AA88212B7E1D5D00B505D6 /* ViewController */,
				A5AA88222B7E1D6500B505D6 /* Storyboard */,
			);
			path = TeamPage;
			sourceTree = "<group>";
		};
		A5AA88212B7E1D5D00B505D6 /* ViewController */ = {
			isa = PBXGroup;
			children = (
				A5AA881A2B7E162D00B505D6 /* TeamViewController.swift */,
			);
			path = ViewController;
			sourceTree = "<group>";
		};
		A5AA88222B7E1D6500B505D6 /* Storyboard */ = {
			isa = PBXGroup;
			children = (
				A5AA881C2B7E163900B505D6 /* TeamViewController.storyboard */,
			);
			path = Storyboard;
			sourceTree = "<group>";
		};
		A5AA88232B7E1DDF00B505D6 /* Cells */ = {
			isa = PBXGroup;
			children = (
				A5AA88262B7E1FCD00B505D6 /* TableView */,
				A5AA88272B7E1FD800B505D6 /* CollectionView */,
			);
			path = Cells;
			sourceTree = "<group>";
		};
		A5AA88262B7E1FCD00B505D6 /* TableView */ = {
			isa = PBXGroup;
			children = (
				A50F830E2B7E782000FBF5FD /* ShortInfo */,
				A50F830D2B7E780A00FBF5FD /* SocialsCollectoin */,
			);
			path = TableView;
			sourceTree = "<group>";
		};
		A5AA88272B7E1FD800B505D6 /* CollectionView */ = {
			isa = PBXGroup;
			children = (
				A5AA88282B7E1FF800B505D6 /* SocialsCollectionViewCell.swift */,
				A5AA88292B7E1FF800B505D6 /* SocialsCollectionViewCell.xib */,
			);
			path = CollectionView;
			sourceTree = "<group>";
		};
		A5AA882E2B7E248500B505D6 /* DataSource */ = {
			isa = PBXGroup;
			children = (
				A5AA882F2B7E249900B505D6 /* TeamVCDataSource.swift */,
			);
			path = DataSource;
			sourceTree = "<group>";
		};
		A5B0C5C02B7A06F6007AA73D /* ChooseLocationPage */ = {
			isa = PBXGroup;
			children = (
				A57C05982B7B9B9E0039F7AE /* Protocols */,
				A57C059B2B7B9C360039F7AE /* Layout */,
				A5D47C0E2B7A3F39005ADFBC /* ViewController */,
				A5D47C0F2B7A3F41005ADFBC /* Storyboard */,
			);
			path = ChooseLocationPage;
			sourceTree = "<group>";
		};
		A5B8A7252B7007EC0062BF28 /* Common */ = {
			isa = PBXGroup;
			children = (
				A5B8A7262B7007FC0062BF28 /* Methods */,
			);
			path = Common;
			sourceTree = "<group>";
		};
		A5B8A7262B7007FC0062BF28 /* Methods */ = {
			isa = PBXGroup;
			children = (
				A55CCD212B6FC7F200E68F41 /* HandleResponseMethods.swift */,
				A50E4F1F2B7243BA00935EB2 /* LoafPresentationStyles.swift */,
				A50F83082B7E75F000FBF5FD /* OpenChat.swift */,
				A5EF144F2B7FA5D900A6AF30 /* OpenSideMenu.swift */,
				A5B231EB2B8788BD006F7718 /* AdMob.swift */,
			);
			path = Methods;
			sourceTree = "<group>";
		};
		A5D47C0B2B7A36F7005ADFBC /* Layout */ = {
			isa = PBXGroup;
			children = (
				A5D47C0C2B7A371B005ADFBC /* SearchVCLayout.swift */,
			);
			path = Layout;
			sourceTree = "<group>";
		};
		A5D47C0E2B7A3F39005ADFBC /* ViewController */ = {
			isa = PBXGroup;
			children = (
				A5B0C5C12B7A074F007AA73D /* ChooseLocationViewController.swift */,
			);
			path = ViewController;
			sourceTree = "<group>";
		};
		A5D47C0F2B7A3F41005ADFBC /* Storyboard */ = {
			isa = PBXGroup;
			children = (
				A5B0C5C32B7A0759007AA73D /* ChooseLocationViewController.storyboard */,
			);
			path = Storyboard;
			sourceTree = "<group>";
		};
		A5D47C132B7A4E7C005ADFBC /* DetailPage */ = {
			isa = PBXGroup;
			children = (
				A50FB0082B7A9A72000F013C /* Cells */,
				A5D47C1C2B7A7ADC005ADFBC /* Layout */,
				A50FB00D2B7A9C5C000F013C /* DataSource */,
				A5D47C182B7A4FBF005ADFBC /* ViewController */,
				A5D47C192B7A4FC8005ADFBC /* Storyboard */,
			);
			path = DetailPage;
			sourceTree = "<group>";
		};
		A5D47C182B7A4FBF005ADFBC /* ViewController */ = {
			isa = PBXGroup;
			children = (
				A5D47C142B7A4EBD005ADFBC /* DetailViewController.swift */,
			);
			path = ViewController;
			sourceTree = "<group>";
		};
		A5D47C192B7A4FC8005ADFBC /* Storyboard */ = {
			isa = PBXGroup;
			children = (
				A5D47C162B7A4EFC005ADFBC /* DetailViewController.storyboard */,
			);
			path = Storyboard;
			sourceTree = "<group>";
		};
		A5D47C1C2B7A7ADC005ADFBC /* Layout */ = {
			isa = PBXGroup;
			children = (
				A5D47C1D2B7A7AE8005ADFBC /* DetailVCLayout.swift */,
			);
			path = Layout;
			sourceTree = "<group>";
		};
		A5DA0A202B8509360001F46B /* Analytics */ = {
			isa = PBXGroup;
			children = (
				A5DA0A212B8509470001F46B /* AppAnalytics.swift */,
			);
			path = Analytics;
			sourceTree = "<group>";
		};
		A5DD165B2B76AA2300424882 /* UserDefaults */ = {
			isa = PBXGroup;
			children = (
				A5DD165C2B76AA3800424882 /* UserDefaultsManager.swift */,
			);
			path = UserDefaults;
			sourceTree = "<group>";
		};
		A5EF14442B7F85FD00A6AF30 /* Menu */ = {
			isa = PBXGroup;
			children = (
				A5EF144B2B7F974B00A6AF30 /* TopViewController.swift */,
				A5EF14512B7FA70600A6AF30 /* SideMenu */,
			);
			path = Menu;
			sourceTree = "<group>";
		};
		A5EF14512B7FA70600A6AF30 /* SideMenu */ = {
			isa = PBXGroup;
			children = (
				A5EF14472B7F876900A6AF30 /* SideMenuViewController.swift */,
				A5EF14452B7F861000A6AF30 /* SideMenuViewController.storyboard */,
			);
			path = SideMenu;
			sourceTree = "<group>";
		};
/* End PBXGroup section */

/* Begin PBXNativeTarget section */
		A58449842B6E26740036C3D2 /* Herpi_iOS */ = {
			isa = PBXNativeTarget;
			buildConfigurationList = A58449992B6E26760036C3D2 /* Build configuration list for PBXNativeTarget "Herpi_iOS" */;
			buildPhases = (
				A58449812B6E26740036C3D2 /* Sources */,
				A58449822B6E26740036C3D2 /* Frameworks */,
				A58449832B6E26740036C3D2 /* Resources */,
				A5DA0A1F2B8503B00001F46B /* Run Script 'Crashlytics' */,
			);
			buildRules = (
			);
			dependencies = (
			);
			name = Herpi_iOS;
			packageProductDependencies = (
				A5FE31B22B6FAE0100469448 /* Moya */,
				A5FE31B52B6FB3A800469448 /* Kingfisher */,
				A50E4F1B2B7241DA00935EB2 /* Loaf */,
				A50478102B76622C00E0CB02 /* SkeletonView */,
				A5A159D32B776E6E00F00D7C /* Reachability */,
				A5DA09FD2B8501EC0001F46B /* FirebaseAnalytics */,
				A5DA0A0D2B8501EC0001F46B /* FirebaseCrashlytics */,
				A5DA0A132B8501EC0001F46B /* FirebaseDynamicLinks */,
				A563BE942B876FBA00887E82 /* GoogleMobileAds */,
			);
			productName = Herpi_iOS;
			productReference = A58449852B6E26750036C3D2 /* Herpi_iOS.app */;
			productType = "com.apple.product-type.application";
		};
/* End PBXNativeTarget section */

/* Begin PBXProject section */
		A584497D2B6E26740036C3D2 /* Project object */ = {
			isa = PBXProject;
			attributes = {
				BuildIndependentTargetsInParallel = 1;
				LastSwiftUpdateCheck = 1520;
				LastUpgradeCheck = 1520;
				TargetAttributes = {
					A58449842B6E26740036C3D2 = {
						CreatedOnToolsVersion = 15.2;
					};
				};
			};
			buildConfigurationList = A58449802B6E26740036C3D2 /* Build configuration list for PBXProject "Herpi_iOS" */;
			compatibilityVersion = "Xcode 14.0";
			developmentRegion = ka;
			hasScannedForEncodings = 0;
			knownRegions = (
				en,
				Base,
				ka,
			);
			mainGroup = A584497C2B6E26740036C3D2;
			packageReferences = (
				A5FE31B12B6FAE0100469448 /* XCRemoteSwiftPackageReference "Moya" */,
				A5FE31B42B6FB3A800469448 /* XCRemoteSwiftPackageReference "Kingfisher" */,
				A50E4F1A2B7241DA00935EB2 /* XCRemoteSwiftPackageReference "Loaf" */,
				A504780F2B76622C00E0CB02 /* XCRemoteSwiftPackageReference "SkeletonView" */,
				A5A159D22B776E6E00F00D7C /* XCRemoteSwiftPackageReference "Reachability" */,
				A5DA09FC2B8501EC0001F46B /* XCRemoteSwiftPackageReference "firebase-ios-sdk" */,
				A563BE932B876FBA00887E82 /* XCRemoteSwiftPackageReference "swift-package-manager-google-mobile-ads" */,
			);
			productRefGroup = A58449862B6E26750036C3D2 /* Products */;
			projectDirPath = "";
			projectRoot = "";
			targets = (
				A58449842B6E26740036C3D2 /* Herpi_iOS */,
			);
		};
/* End PBXProject section */

/* Begin PBXResourcesBuildPhase section */
		A58449832B6E26740036C3D2 /* Resources */ = {
			isa = PBXResourcesBuildPhase;
			buildActionMask = 2147483647;
			files = (
				A5A226332BDBEF33000BE630 /* PhotoBrowserCollectionViewCell.xib in Resources */,
				A58449952B6E26760036C3D2 /* LaunchScreen.storyboard in Resources */,
				A5E36D512B8E66A500DA295E /* GoogleService-Info.plist in Resources */,
				A50BDC0F2BDA8F360042DD73 /* MarkGEO-Regular.ttf in Resources */,
				A50BDC102BDA8F360042DD73 /* MarkGEO-Bold.ttf in Resources */,
				A50BDC112BDA8F360042DD73 /* MarkGEO-Semibold.ttf in Resources */,
				A5A6D9842B8F36860042216C /* InfoPlist.strings in Resources */,
				A501B3782B81447C00059F95 /* Localizable.strings in Resources */,
				A58479712B794BCB00BD4577 /* SearchViewController.storyboard in Resources */,
				A58449922B6E26760036C3D2 /* Assets.xcassets in Resources */,
				A50F83142B7E790400FBF5FD /* FAQViewController.storyboard in Resources */,
				A59F147B2B81330A000C2031 /* LocationIsDisabledSheet.storyboard in Resources */,
				A51EA28D2B6EA0BF000FEF0A /* CategoriesCollectionViewCell.xib in Resources */,
				A5AA881D2B7E163900B505D6 /* TeamViewController.storyboard in Resources */,
				A50FB00C2B7A9A86000F013C /* GalleryCollectionViewCell.xib in Resources */,
				A51EA2912B6EA0D5000FEF0A /* NearbyCollectionViewCell.xib in Resources */,
				A5D47C172B7A4EFC005ADFBC /* DetailViewController.storyboard in Resources */,
				A589CE3F2BDD5E8200AD771D /* GalleryBrowserViewController.storyboard in Resources */,
				A5F6F9242B7578ED002E5011 /* ReptiliesHeaderTableViewCell.xib in Resources */,
				A57C05A92B7BCD030039F7AE /* CoverageMapViewController.storyboard in Resources */,
				A5B0C5C42B7A0759007AA73D /* ChooseLocationViewController.storyboard in Resources */,
				A5A159E02B779C0000F00D7C /* LoadingViewController.storyboard in Resources */,
				A5B231EE2B878BA8006F7718 /* Release.xcconfig in Resources */,
				A5EF14462B7F861000A6AF30 /* SideMenuViewController.storyboard in Resources */,
				A5AA882B2B7E1FF800B505D6 /* SocialsCollectionViewCell.xib in Resources */,
				A5EC55302B839A2C00EFB4CC /* MainViewController.storyboard in Resources */,
				A50F83242B7E915F00FBF5FD /* ContactViewController.storyboard in Resources */,
				A51EA2932B6EA136000FEF0A /* ReptiliesTableViewCell.xib in Resources */,
			);
			runOnlyForDeploymentPostprocessing = 0;
		};
/* End PBXResourcesBuildPhase section */

/* Begin PBXShellScriptBuildPhase section */
		A5DA0A1F2B8503B00001F46B /* Run Script 'Crashlytics' */ = {
			isa = PBXShellScriptBuildPhase;
			alwaysOutOfDate = 1;
			buildActionMask = 2147483647;
			files = (
			);
			inputFileListPaths = (
			);
			inputPaths = (
				"${DWARF_DSYM_FOLDER_PATH}/${DWARF_DSYM_FILE_NAME}",
				"${DWARF_DSYM_FOLDER_PATH}/${DWARF_DSYM_FILE_NAME}/Contents/Resources/DWARF/${PRODUCT_NAME}",
				"${DWARF_DSYM_FOLDER_PATH}/${DWARF_DSYM_FILE_NAME}/Contents/Info.plist",
				"$(TARGET_BUILD_DIR)/$(UNLOCALIZED_RESOURCES_FOLDER_PATH)/GoogleService-Info.plist",
				"$(TARGET_BUILD_DIR)/$(EXECUTABLE_PATH)",
			);
			name = "Run Script 'Crashlytics'";
			outputFileListPaths = (
			);
			outputPaths = (
			);
			runOnlyForDeploymentPostprocessing = 0;
			shellPath = /bin/sh;
			shellScript = "\"${BUILD_DIR%/Build/*}/SourcePackages/checkouts/firebase-ios-sdk/Crashlytics/run\"\n";
		};
/* End PBXShellScriptBuildPhase section */

/* Begin PBXSourcesBuildPhase section */
		A58449812B6E26740036C3D2 /* Sources */ = {
			isa = PBXSourcesBuildPhase;
			buildActionMask = 2147483647;
			files = (
				A5AA88302B7E249900B505D6 /* TeamVCDataSource.swift in Sources */,
				A57C059A2B7B9BAC0039F7AE /* LocationDelegate.swift in Sources */,
				A584796F2B794BC300BD4577 /* SearchViewController.swift in Sources */,
				A5A159D12B7762C200F00D7C /* CacheManager.swift in Sources */,
				A5EF144E2B7F9CD100A6AF30 /* UIViewController+Extensions.swift in Sources */,
				A5A159D72B778C5800F00D7C /* DataManager.swift in Sources */,
				A504781F2B76913E00E0CB02 /* Notifications.swift in Sources */,
				A589CE352BDD2E9300AD771D /* GalleryBrowserDataSource.swift in Sources */,
				A5A159DD2B779BCA00F00D7C /* LoadingViewController.swift in Sources */,
				A50F83182B7E7CBC00FBF5FD /* FAQHeaderTableViewCell.swift in Sources */,
				A5EF14502B7FA5D900A6AF30 /* OpenSideMenu.swift in Sources */,
				A51EA2952B6EA2A8000FEF0A /* NSObject+Extensions.swift in Sources */,
				A57C059F2B7BA8C50039F7AE /* CoverageModel.swift in Sources */,
				A5AA881B2B7E162D00B505D6 /* TeamViewController.swift in Sources */,
				A50E4F232B725A9300935EB2 /* Colors.swift in Sources */,
				A5A159E32B77D10F00F00D7C /* PresenterManager.swift in Sources */,
				A50F831C2B7E800300FBF5FD /* FAQModel.swift in Sources */,
				A5EC55372B83ACA500EFB4CC /* UILabel+Extensions.swift in Sources */,
				A584498D2B6E26750036C3D2 /* MainViewController.swift in Sources */,
				A51EA2902B6EA0D5000FEF0A /* NearbyCollectionViewCell.swift in Sources */,
				A50FB00F2B7A9C6E000F013C /* DetailVCDataSource.swift in Sources */,
				A51EA28C2B6EA0BF000FEF0A /* CategoriesCollectionViewCell.swift in Sources */,
				A5DD165D2B76AA3800424882 /* UserDefaultsManager.swift in Sources */,
				A5AA882D2B7E21CB00B505D6 /* TeamModel.swift in Sources */,
				A5EC55332B83AAAB00EFB4CC /* String+Extensions.swift in Sources */,
				A5D47C1B2B7A6F02005ADFBC /* DetailedInfoResponseModel.swift in Sources */,
				A51EA2812B6E9C00000FEF0A /* MainVCDataSource.swift in Sources */,
				A58479792B79573D00BD4577 /* SearchVCDataSource.swift in Sources */,
				A5D47C1E2B7A7AE8005ADFBC /* DetailVCLayout.swift in Sources */,
				A5B0C5C92B7A1C51007AA73D /* SearchResponseModel.swift in Sources */,
				A50F831A2B7E7DD300FBF5FD /* FAQDescrtiptionTableViewCell.swift in Sources */,
				A55CCD222B6FC7F200E68F41 /* HandleResponseMethods.swift in Sources */,
				A552A00A2B8615AD00B1F89E /* AppDelegate.swift in Sources */,
				A5B0C5C22B7A074F007AA73D /* ChooseLocationViewController.swift in Sources */,
				A5EC55392B83ACE400EFB4CC /* UITextField+Extensions.swift in Sources */,
				A50F83222B7E915700FBF5FD /* ContactViewController.swift in Sources */,
				A5EF14482B7F876900A6AF30 /* SideMenuViewController.swift in Sources */,
				A58375382B6FA7770096C4C2 /* ApiType.swift in Sources */,
				A51EA2852B6E9F5F000FEF0A /* Int+Extensions.swift in Sources */,
				A5D47C0D2B7A371B005ADFBC /* SearchVCLayout.swift in Sources */,
				A5AA88252B7E1DF600B505D6 /* TeamTableViewCell.swift in Sources */,
				A50F831F2B7E812D00FBF5FD /* FAQVCDataSource.swift in Sources */,
				A583752F2B6F9B150096C4C2 /* MainVCLayout.swift in Sources */,
				A5DA0A222B8509470001F46B /* AppAnalytics.swift in Sources */,
				A584498B2B6E26750036C3D2 /* SceneDelegate.swift in Sources */,
				A5EC55352B83AC6A00EFB4CC /* UIButton+Extensions.swift in Sources */,
				A5AA882A2B7E1FF800B505D6 /* SocialsCollectionViewCell.swift in Sources */,
				A50F83092B7E75F000FBF5FD /* OpenChat.swift in Sources */,
				A5EF144C2B7F974B00A6AF30 /* TopViewController.swift in Sources */,
				A50E4F202B7243BA00935EB2 /* LoafPresentationStyles.swift in Sources */,
				A5124E192B6E67AF00956A37 /* ReptiliesTableViewCell.swift in Sources */,
				A57C05A72B7BCCE80039F7AE /* CoverageMapViewController.swift in Sources */,
				A529F73A2B6F862F00078534 /* UIFont+Extensions.swift in Sources */,
				A5D47C152B7A4EBD005ADFBC /* DetailViewController.swift in Sources */,
				A59F14792B813301000C2031 /* LocationIsDisabledSheet.swift in Sources */,
				A589CE3D2BDD5E7A00AD771D /* GalleryBrowserViewController.swift in Sources */,
				A57C059D2B7B9C480039F7AE /* ChooseLocationVCLayout.swift in Sources */,
				A583753A2B6FA9480096C4C2 /* CategoryModel.swift in Sources */,
				A5AA88322B7E47C000B505D6 /* TeamSocialsTableViewCell.swift in Sources */,
				A57C05A42B7BC5C00039F7AE /* Constants.swift in Sources */,
				A55CCD202B6FC63200E68F41 /* ReptiliesModel.swift in Sources */,
				A529F7382B6F770C00078534 /* UIView+Extensions.swift in Sources */,
				A5A159D92B778D7900F00D7C /* ApiManager.swift in Sources */,
				A5B231EC2B8788BD006F7718 /* AdMob.swift in Sources */,
				A5B8A7282B700D3B0062BF28 /* NearbyReptileModel.swift in Sources */,
				A507A7BF2B75574300B184FF /* ReptiliesHeaderTableViewCell.swift in Sources */,
				A57C05A22B7BBFC00039F7AE /* MKPolygon+Extensions.swift in Sources */,
				A5A226322BDBEF33000BE630 /* PhotoBrowserCollectionViewCell.swift in Sources */,
				A58479762B79562000BD4577 /* SearchTableViewCell.swift in Sources */,
				A50F83112B7E78EC00FBF5FD /* FAQViewController.swift in Sources */,
				A50FB00B2B7A9A86000F013C /* GalleryCollectionViewCell.swift in Sources */,
			);
			runOnlyForDeploymentPostprocessing = 0;
		};
/* End PBXSourcesBuildPhase section */

/* Begin PBXVariantGroup section */
		A501B37A2B81447C00059F95 /* Localizable.strings */ = {
			isa = PBXVariantGroup;
			children = (
				A501B3792B81447C00059F95 /* en */,
				A501B37B2B8144A400059F95 /* ka */,
			);
			name = Localizable.strings;
			sourceTree = "<group>";
		};
		A58449932B6E26760036C3D2 /* LaunchScreen.storyboard */ = {
			isa = PBXVariantGroup;
			children = (
				A58449942B6E26760036C3D2 /* Base */,
			);
			name = LaunchScreen.storyboard;
			sourceTree = "<group>";
		};
		A5A6D9862B8F36860042216C /* InfoPlist.strings */ = {
			isa = PBXVariantGroup;
			children = (
				A5A6D9852B8F36860042216C /* ka */,
				A5A6D9872B8F36880042216C /* en */,
			);
			name = InfoPlist.strings;
			sourceTree = "<group>";
		};
/* End PBXVariantGroup section */

/* Begin XCBuildConfiguration section */
		A58449972B6E26760036C3D2 /* Debug */ = {
			isa = XCBuildConfiguration;
			buildSettings = {
				ALWAYS_SEARCH_USER_PATHS = NO;
				ASSETCATALOG_COMPILER_GENERATE_SWIFT_ASSET_SYMBOL_EXTENSIONS = YES;
				CLANG_ANALYZER_LOCALIZABILITY_NONLOCALIZED = YES;
				CLANG_ANALYZER_NONNULL = YES;
				CLANG_ANALYZER_NUMBER_OBJECT_CONVERSION = YES_AGGRESSIVE;
				CLANG_CXX_LANGUAGE_STANDARD = "gnu++20";
				CLANG_ENABLE_MODULES = YES;
				CLANG_ENABLE_OBJC_ARC = YES;
				CLANG_ENABLE_OBJC_WEAK = YES;
				CLANG_WARN_BLOCK_CAPTURE_AUTORELEASING = YES;
				CLANG_WARN_BOOL_CONVERSION = YES;
				CLANG_WARN_COMMA = YES;
				CLANG_WARN_CONSTANT_CONVERSION = YES;
				CLANG_WARN_DEPRECATED_OBJC_IMPLEMENTATIONS = YES;
				CLANG_WARN_DIRECT_OBJC_ISA_USAGE = YES_ERROR;
				CLANG_WARN_DOCUMENTATION_COMMENTS = YES;
				CLANG_WARN_EMPTY_BODY = YES;
				CLANG_WARN_ENUM_CONVERSION = YES;
				CLANG_WARN_INFINITE_RECURSION = YES;
				CLANG_WARN_INT_CONVERSION = YES;
				CLANG_WARN_NON_LITERAL_NULL_CONVERSION = YES;
				CLANG_WARN_OBJC_IMPLICIT_RETAIN_SELF = YES;
				CLANG_WARN_OBJC_LITERAL_CONVERSION = YES;
				CLANG_WARN_OBJC_ROOT_CLASS = YES_ERROR;
				CLANG_WARN_QUOTED_INCLUDE_IN_FRAMEWORK_HEADER = YES;
				CLANG_WARN_RANGE_LOOP_ANALYSIS = YES;
				CLANG_WARN_STRICT_PROTOTYPES = YES;
				CLANG_WARN_SUSPICIOUS_MOVE = YES;
				CLANG_WARN_UNGUARDED_AVAILABILITY = YES_AGGRESSIVE;
				CLANG_WARN_UNREACHABLE_CODE = YES;
				CLANG_WARN__DUPLICATE_METHOD_MATCH = YES;
				COPY_PHASE_STRIP = NO;
				DEBUG_INFORMATION_FORMAT = dwarf;
				ENABLE_STRICT_OBJC_MSGSEND = YES;
				ENABLE_TESTABILITY = YES;
				ENABLE_USER_SCRIPT_SANDBOXING = YES;
				GCC_C_LANGUAGE_STANDARD = gnu17;
				GCC_DYNAMIC_NO_PIC = NO;
				GCC_NO_COMMON_BLOCKS = YES;
				GCC_OPTIMIZATION_LEVEL = 0;
				GCC_PREPROCESSOR_DEFINITIONS = (
					"DEBUG=1",
					"$(inherited)",
				);
				GCC_WARN_64_TO_32_BIT_CONVERSION = YES;
				GCC_WARN_ABOUT_RETURN_TYPE = YES_ERROR;
				GCC_WARN_UNDECLARED_SELECTOR = YES;
				GCC_WARN_UNINITIALIZED_AUTOS = YES_AGGRESSIVE;
				GCC_WARN_UNUSED_FUNCTION = YES;
				GCC_WARN_UNUSED_VARIABLE = YES;
				IPHONEOS_DEPLOYMENT_TARGET = 15.0;
				LOCALIZATION_PREFERS_STRING_CATALOGS = NO;
				MTL_ENABLE_DEBUG_INFO = INCLUDE_SOURCE;
				MTL_FAST_MATH = YES;
				ONLY_ACTIVE_ARCH = YES;
				SDKROOT = iphoneos;
				SWIFT_ACTIVE_COMPILATION_CONDITIONS = "DEBUG $(inherited)";
				SWIFT_OPTIMIZATION_LEVEL = "-Onone";
			};
			name = Debug;
		};
		A58449982B6E26760036C3D2 /* Release */ = {
			isa = XCBuildConfiguration;
			buildSettings = {
				ALWAYS_SEARCH_USER_PATHS = NO;
				ASSETCATALOG_COMPILER_GENERATE_SWIFT_ASSET_SYMBOL_EXTENSIONS = YES;
				CLANG_ANALYZER_LOCALIZABILITY_NONLOCALIZED = YES;
				CLANG_ANALYZER_NONNULL = YES;
				CLANG_ANALYZER_NUMBER_OBJECT_CONVERSION = YES_AGGRESSIVE;
				CLANG_CXX_LANGUAGE_STANDARD = "gnu++20";
				CLANG_ENABLE_MODULES = YES;
				CLANG_ENABLE_OBJC_ARC = YES;
				CLANG_ENABLE_OBJC_WEAK = YES;
				CLANG_WARN_BLOCK_CAPTURE_AUTORELEASING = YES;
				CLANG_WARN_BOOL_CONVERSION = YES;
				CLANG_WARN_COMMA = YES;
				CLANG_WARN_CONSTANT_CONVERSION = YES;
				CLANG_WARN_DEPRECATED_OBJC_IMPLEMENTATIONS = YES;
				CLANG_WARN_DIRECT_OBJC_ISA_USAGE = YES_ERROR;
				CLANG_WARN_DOCUMENTATION_COMMENTS = YES;
				CLANG_WARN_EMPTY_BODY = YES;
				CLANG_WARN_ENUM_CONVERSION = YES;
				CLANG_WARN_INFINITE_RECURSION = YES;
				CLANG_WARN_INT_CONVERSION = YES;
				CLANG_WARN_NON_LITERAL_NULL_CONVERSION = YES;
				CLANG_WARN_OBJC_IMPLICIT_RETAIN_SELF = YES;
				CLANG_WARN_OBJC_LITERAL_CONVERSION = YES;
				CLANG_WARN_OBJC_ROOT_CLASS = YES_ERROR;
				CLANG_WARN_QUOTED_INCLUDE_IN_FRAMEWORK_HEADER = YES;
				CLANG_WARN_RANGE_LOOP_ANALYSIS = YES;
				CLANG_WARN_STRICT_PROTOTYPES = YES;
				CLANG_WARN_SUSPICIOUS_MOVE = YES;
				CLANG_WARN_UNGUARDED_AVAILABILITY = YES_AGGRESSIVE;
				CLANG_WARN_UNREACHABLE_CODE = YES;
				CLANG_WARN__DUPLICATE_METHOD_MATCH = YES;
				COPY_PHASE_STRIP = NO;
				DEBUG_INFORMATION_FORMAT = "dwarf-with-dsym";
				ENABLE_NS_ASSERTIONS = NO;
				ENABLE_STRICT_OBJC_MSGSEND = YES;
				ENABLE_USER_SCRIPT_SANDBOXING = YES;
				GCC_C_LANGUAGE_STANDARD = gnu17;
				GCC_NO_COMMON_BLOCKS = YES;
				GCC_WARN_64_TO_32_BIT_CONVERSION = YES;
				GCC_WARN_ABOUT_RETURN_TYPE = YES_ERROR;
				GCC_WARN_UNDECLARED_SELECTOR = YES;
				GCC_WARN_UNINITIALIZED_AUTOS = YES_AGGRESSIVE;
				GCC_WARN_UNUSED_FUNCTION = YES;
				GCC_WARN_UNUSED_VARIABLE = YES;
				IPHONEOS_DEPLOYMENT_TARGET = 15.0;
				LOCALIZATION_PREFERS_STRING_CATALOGS = NO;
				MTL_ENABLE_DEBUG_INFO = NO;
				MTL_FAST_MATH = YES;
				SDKROOT = iphoneos;
				SWIFT_COMPILATION_MODE = wholemodule;
				VALIDATE_PRODUCT = YES;
			};
			name = Release;
		};
		A584499A2B6E26760036C3D2 /* Debug */ = {
			isa = XCBuildConfiguration;
			buildSettings = {
				ASSETCATALOG_COMPILER_APPICON_NAME = AppIcon;
				ASSETCATALOG_COMPILER_GLOBAL_ACCENT_COLOR_NAME = AccentColor;
				CODE_SIGN_ENTITLEMENTS = Herpi_iOS/Herpi_iOS.entitlements;
				CODE_SIGN_IDENTITY = "Apple Development";
				CODE_SIGN_STYLE = Automatic;
				CURRENT_PROJECT_VERSION = 3;
				DEBUG_INFORMATION_FORMAT = "dwarf-with-dsym";
				DEVELOPMENT_TEAM = NW6K64987Z;
				ENABLE_USER_SCRIPT_SANDBOXING = YES;
				GADApplicationID = "ca-app-pub-7386410973532338~3583647437";
				GADBannerID = "ca-app-pub-7386410973532338/9709577243";
				GADInterstitialID = "ca-app-pub-7386410973532338/6129919725";
				GENERATE_INFOPLIST_FILE = YES;
				INFOPLIST_FILE = Herpi_iOS/Resources/Info.plist;
				INFOPLIST_KEY_CFBundleDisplayName = Herpi;
				INFOPLIST_KEY_LSApplicationCategoryType = "public.app-category.education";
				INFOPLIST_KEY_UIApplicationSupportsIndirectInputEvents = YES;
				INFOPLIST_KEY_UILaunchStoryboardName = LaunchScreen;
				INFOPLIST_KEY_UIMainStoryboardFile = MainViewController;
				INFOPLIST_KEY_UIRequiresFullScreen = YES;
				INFOPLIST_KEY_UIStatusBarStyle = "";
				INFOPLIST_KEY_UISupportedInterfaceOrientations = UIInterfaceOrientationPortrait;
				INFOPLIST_KEY_UISupportedInterfaceOrientations_iPad = "UIInterfaceOrientationPortrait UIInterfaceOrientationPortraitUpsideDown";
				INFOPLIST_KEY_UIUserInterfaceStyle = Light;
				IPHONEOS_DEPLOYMENT_TARGET = 15.0;
				LD_RUNPATH_SEARCH_PATHS = (
					"$(inherited)",
					"@executable_path/Frameworks",
				);
				MARKETING_VERSION = 1.0;
				OTHER_LDFLAGS = "-ObjC";
				PRODUCT_BUNDLE_IDENTIFIER = ge.kdot.herpi;
				PRODUCT_NAME = "$(TARGET_NAME)";
				PROVISIONING_PROFILE_SPECIFIER = "";
				SWIFT_EMIT_LOC_STRINGS = YES;
				SWIFT_VERSION = 5.0;
				TARGETED_DEVICE_FAMILY = "1,2";
			};
			name = Debug;
		};
		A584499B2B6E26760036C3D2 /* Release */ = {
			isa = XCBuildConfiguration;
			buildSettings = {
				ASSETCATALOG_COMPILER_APPICON_NAME = AppIcon;
				ASSETCATALOG_COMPILER_GLOBAL_ACCENT_COLOR_NAME = AccentColor;
				CODE_SIGN_ENTITLEMENTS = Herpi_iOS/Herpi_iOS.entitlements;
				CODE_SIGN_IDENTITY = "Apple Development";
				CODE_SIGN_STYLE = Automatic;
				CURRENT_PROJECT_VERSION = 3;
				DEVELOPMENT_TEAM = NW6K64987Z;
				ENABLE_USER_SCRIPT_SANDBOXING = YES;
				GADApplicationID = "ca-app-pub-7386410973532338~3583647437";
				GADBannerID = "ca-app-pub-7386410973532338/9709577243";
				GADInterstitialID = "ca-app-pub-7386410973532338/6129919725";
				GENERATE_INFOPLIST_FILE = YES;
				INFOPLIST_FILE = Herpi_iOS/Resources/Info.plist;
				INFOPLIST_KEY_CFBundleDisplayName = Herpi;
				INFOPLIST_KEY_LSApplicationCategoryType = "public.app-category.education";
				INFOPLIST_KEY_UIApplicationSupportsIndirectInputEvents = YES;
				INFOPLIST_KEY_UILaunchStoryboardName = LaunchScreen;
				INFOPLIST_KEY_UIMainStoryboardFile = MainViewController;
				INFOPLIST_KEY_UIRequiresFullScreen = YES;
				INFOPLIST_KEY_UIStatusBarStyle = "";
				INFOPLIST_KEY_UISupportedInterfaceOrientations = UIInterfaceOrientationPortrait;
				INFOPLIST_KEY_UISupportedInterfaceOrientations_iPad = "UIInterfaceOrientationPortrait UIInterfaceOrientationPortraitUpsideDown";
				INFOPLIST_KEY_UIUserInterfaceStyle = Light;
				IPHONEOS_DEPLOYMENT_TARGET = 15.0;
				LD_RUNPATH_SEARCH_PATHS = (
					"$(inherited)",
					"@executable_path/Frameworks",
				);
				MARKETING_VERSION = 1.0;
				OTHER_LDFLAGS = "-ObjC";
				PRODUCT_BUNDLE_IDENTIFIER = ge.kdot.herpi;
				PRODUCT_NAME = "$(TARGET_NAME)";
				PROVISIONING_PROFILE_SPECIFIER = "";
				SWIFT_EMIT_LOC_STRINGS = YES;
				SWIFT_VERSION = 5.0;
				TARGETED_DEVICE_FAMILY = "1,2";
			};
			name = Release;
		};
/* End XCBuildConfiguration section */

/* Begin XCConfigurationList section */
		A58449802B6E26740036C3D2 /* Build configuration list for PBXProject "Herpi_iOS" */ = {
			isa = XCConfigurationList;
			buildConfigurations = (
				A58449972B6E26760036C3D2 /* Debug */,
				A58449982B6E26760036C3D2 /* Release */,
			);
			defaultConfigurationIsVisible = 0;
			defaultConfigurationName = Release;
		};
		A58449992B6E26760036C3D2 /* Build configuration list for PBXNativeTarget "Herpi_iOS" */ = {
			isa = XCConfigurationList;
			buildConfigurations = (
				A584499A2B6E26760036C3D2 /* Debug */,
				A584499B2B6E26760036C3D2 /* Release */,
			);
			defaultConfigurationIsVisible = 0;
			defaultConfigurationName = Release;
		};
/* End XCConfigurationList section */

/* Begin XCRemoteSwiftPackageReference section */
		A504780F2B76622C00E0CB02 /* XCRemoteSwiftPackageReference "SkeletonView" */ = {
			isa = XCRemoteSwiftPackageReference;
			repositoryURL = "https://github.com/Juanpe/SkeletonView";
			requirement = {
				kind = upToNextMajorVersion;
				minimumVersion = 1.30.4;
			};
		};
		A50E4F1A2B7241DA00935EB2 /* XCRemoteSwiftPackageReference "Loaf" */ = {
			isa = XCRemoteSwiftPackageReference;
			repositoryURL = "https://github.com/schmidyy/Loaf";
			requirement = {
				kind = upToNextMajorVersion;
				minimumVersion = 0.7.0;
			};
		};
		A563BE932B876FBA00887E82 /* XCRemoteSwiftPackageReference "swift-package-manager-google-mobile-ads" */ = {
			isa = XCRemoteSwiftPackageReference;
			repositoryURL = "https://github.com/googleads/swift-package-manager-google-mobile-ads.git";
			requirement = {
				kind = upToNextMajorVersion;
				minimumVersion = 11.0.1;
			};
		};
		A5A159D22B776E6E00F00D7C /* XCRemoteSwiftPackageReference "Reachability" */ = {
			isa = XCRemoteSwiftPackageReference;
			repositoryURL = "https://github.com/ashleymills/Reachability.swift";
			requirement = {
				branch = master;
				kind = branch;
			};
		};
		A5DA09FC2B8501EC0001F46B /* XCRemoteSwiftPackageReference "firebase-ios-sdk" */ = {
			isa = XCRemoteSwiftPackageReference;
			repositoryURL = "https://github.com/firebase/firebase-ios-sdk";
			requirement = {
				kind = upToNextMajorVersion;
				minimumVersion = 10.21.0;
			};
		};
		A5FE31B12B6FAE0100469448 /* XCRemoteSwiftPackageReference "Moya" */ = {
			isa = XCRemoteSwiftPackageReference;
			repositoryURL = "https://github.com/Moya/Moya";
			requirement = {
				kind = upToNextMajorVersion;
				minimumVersion = 15.0.3;
			};
		};
		A5FE31B42B6FB3A800469448 /* XCRemoteSwiftPackageReference "Kingfisher" */ = {
			isa = XCRemoteSwiftPackageReference;
			repositoryURL = "https://github.com/onevcat/Kingfisher";
			requirement = {
				kind = upToNextMajorVersion;
				minimumVersion = 7.10.2;
			};
		};
/* End XCRemoteSwiftPackageReference section */

/* Begin XCSwiftPackageProductDependency section */
		A50478102B76622C00E0CB02 /* SkeletonView */ = {
			isa = XCSwiftPackageProductDependency;
			package = A504780F2B76622C00E0CB02 /* XCRemoteSwiftPackageReference "SkeletonView" */;
			productName = SkeletonView;
		};
		A50E4F1B2B7241DA00935EB2 /* Loaf */ = {
			isa = XCSwiftPackageProductDependency;
			package = A50E4F1A2B7241DA00935EB2 /* XCRemoteSwiftPackageReference "Loaf" */;
			productName = Loaf;
		};
		A563BE942B876FBA00887E82 /* GoogleMobileAds */ = {
			isa = XCSwiftPackageProductDependency;
			package = A563BE932B876FBA00887E82 /* XCRemoteSwiftPackageReference "swift-package-manager-google-mobile-ads" */;
			productName = GoogleMobileAds;
		};
		A5A159D32B776E6E00F00D7C /* Reachability */ = {
			isa = XCSwiftPackageProductDependency;
			package = A5A159D22B776E6E00F00D7C /* XCRemoteSwiftPackageReference "Reachability" */;
			productName = Reachability;
		};
		A5DA09FD2B8501EC0001F46B /* FirebaseAnalytics */ = {
			isa = XCSwiftPackageProductDependency;
			package = A5DA09FC2B8501EC0001F46B /* XCRemoteSwiftPackageReference "firebase-ios-sdk" */;
			productName = FirebaseAnalytics;
		};
		A5DA0A0D2B8501EC0001F46B /* FirebaseCrashlytics */ = {
			isa = XCSwiftPackageProductDependency;
			package = A5DA09FC2B8501EC0001F46B /* XCRemoteSwiftPackageReference "firebase-ios-sdk" */;
			productName = FirebaseCrashlytics;
		};
		A5DA0A132B8501EC0001F46B /* FirebaseDynamicLinks */ = {
			isa = XCSwiftPackageProductDependency;
			package = A5DA09FC2B8501EC0001F46B /* XCRemoteSwiftPackageReference "firebase-ios-sdk" */;
			productName = FirebaseDynamicLinks;
		};
		A5FE31B22B6FAE0100469448 /* Moya */ = {
			isa = XCSwiftPackageProductDependency;
			package = A5FE31B12B6FAE0100469448 /* XCRemoteSwiftPackageReference "Moya" */;
			productName = Moya;
		};
		A5FE31B52B6FB3A800469448 /* Kingfisher */ = {
			isa = XCSwiftPackageProductDependency;
			package = A5FE31B42B6FB3A800469448 /* XCRemoteSwiftPackageReference "Kingfisher" */;
			productName = Kingfisher;
		};
/* End XCSwiftPackageProductDependency section */
	};
	rootObject = A584497D2B6E26740036C3D2 /* Project object */;
}
